PODS:
  - Purchases (3.5.2)
  - TactileSlider (1.3.0)

DEPENDENCIES:
  - Purchases (~> 3.4)
  - TactileSlider (= 1.3.0)

SPEC REPOS:
  trunk:
    - Purchases
    - TactileSlider

SPEC CHECKSUMS:
  Purchases: 25f8a9949c1a2a05ae15987c574d52726f0f1b2a
  TactileSlider: 1dc3a05df4bf0bc5ccfba4805c65111ddc308ecd

PODFILE CHECKSUM: cf1aaf5f673956fa4f5eedd4733b560ade5f52ca

COCOAPODS: 1.9.3
