PODS:
  - Purchases (3.11.1):
    - PurchasesCoreSwift (= 3.11.1)
  - PurchasesCoreSwift (3.11.1)

DEPENDENCIES:
  - Purchases (~> 3.4)

SPEC REPOS:
  trunk:
    - Purchases
    - PurchasesCoreSwift

SPEC CHECKSUMS:
  Purchases: 6351f9ff6bd514e5ec5aa0f989ea181effa94bf5
  PurchasesCoreSwift: ee857e4c21e6254b09d7e303a756fcf2b9164408

PODFILE CHECKSUM: 55de5b7e39a6899ffc2683a92a82aaf38ab9ef5e

COCOAPODS: 1.10.1
