PODS:
  - Purchases (3.5.0)
  - TactileSlider (1.3.0)

DEPENDENCIES:
  - Purchases (~> 3.4)
  - TactileSlider (= 1.3.0)

SPEC REPOS:
  trunk:
    - Purchases
    - TactileSlider

SPEC CHECKSUMS:
  Purchases: 0b5b8c6c2c4e29b7d315b6cd06e4500530e9a079
  TactileSlider: 1dc3a05df4bf0bc5ccfba4805c65111ddc308ecd

PODFILE CHECKSUM: cf1aaf5f673956fa4f5eedd4733b560ade5f52ca

COCOAPODS: 1.9.3
