// !$*UTF8*$!
{
	archiveVersion = 1;
	classes = {
	};
	objectVersion = 51;
	objects = {

/* Begin PBXBuildFile section */
		65065FEF24B3CA610070E3CE /* UserDefaultsManager.swift in Sources */ = {isa = PBXBuildFile; fileRef = 65065FEE24B3CA610070E3CE /* UserDefaultsManager.swift */; };
		650E81F525EDBAA000DF119B /* RecipeVC.storyboard in Resources */ = {isa = PBXBuildFile; fileRef = 650E81F425EDBA9400DF119B /* RecipeVC.storyboard */; };
		650E81F925EDBAD800DF119B /* TimerVC.storyboard in Resources */ = {isa = PBXBuildFile; fileRef = 650E81F825EDBAD800DF119B /* TimerVC.storyboard */; };
		650E81FD25EDBB0900DF119B /* BrewSummaryVC.storyboard in Resources */ = {isa = PBXBuildFile; fileRef = 650E81FC25EDBB0900DF119B /* BrewSummaryVC.storyboard */; };
		65127BBD260D09CA0014A9E7 /* CoreDataStack.swift in Sources */ = {isa = PBXBuildFile; fileRef = 65127BBC260D09CA0014A9E7 /* CoreDataStack.swift */; };
		65127BC2260D0A5E0014A9E7 /* FourSix.xcdatamodeld in Sources */ = {isa = PBXBuildFile; fileRef = 65127BC0260D0A5E0014A9E7 /* FourSix.xcdatamodeld */; };
		65127BCC260D0B8A0014A9E7 /* TestCoreDataStack.swift in Sources */ = {isa = PBXBuildFile; fileRef = 65127BC6260D0B600014A9E7 /* TestCoreDataStack.swift */; };
		6512EA882603E0C1002DC1CF /* Note.swift in Sources */ = {isa = PBXBuildFile; fileRef = 6512EA872603E0C1002DC1CF /* Note.swift */; };
		6515EACF24B2563B004255EB /* Shadow.swift in Sources */ = {isa = PBXBuildFile; fileRef = 6515EACE24B2563B004255EB /* Shadow.swift */; };
		65185B9424BF8CB200F47F30 /* LoadingButton.swift in Sources */ = {isa = PBXBuildFile; fileRef = 65185B9324BF8CB200F47F30 /* LoadingButton.swift */; };
		6518D13524B4FADE00F786C4 /* Settings.bundle in Resources */ = {isa = PBXBuildFile; fileRef = 6518D13424B4FADE00F786C4 /* Settings.bundle */; };
		651ACC0F249D96ED0087C4F3 /* CoffeeTimer.swift in Sources */ = {isa = PBXBuildFile; fileRef = 651ACC0E249D96ED0087C4F3 /* CoffeeTimer.swift */; };
		6520951224B953550014CE21 /* StoreKit.framework in Frameworks */ = {isa = PBXBuildFile; fileRef = 6520951124B953550014CE21 /* StoreKit.framework */; };
		6522A40E24A955EC00583547 /* custom-notification.mp3 in Resources */ = {isa = PBXBuildFile; fileRef = 6522A40D24A955EB00583547 /* custom-notification.mp3 */; };
		652756432475B138004E067F /* AppDelegate.swift in Sources */ = {isa = PBXBuildFile; fileRef = 652756422475B138004E067F /* AppDelegate.swift */; };
		652756452475B138004E067F /* SceneDelegate.swift in Sources */ = {isa = PBXBuildFile; fileRef = 652756442475B138004E067F /* SceneDelegate.swift */; };
		6527564A2475B138004E067F /* BrewVC.storyboard in Resources */ = {isa = PBXBuildFile; fileRef = 652756482475B138004E067F /* BrewVC.storyboard */; };
		6527564C2475B13B004E067F /* Assets.xcassets in Resources */ = {isa = PBXBuildFile; fileRef = 6527564B2475B13B004E067F /* Assets.xcassets */; };
		6527564F2475B13B004E067F /* LaunchScreen.storyboard in Resources */ = {isa = PBXBuildFile; fileRef = 6527564D2475B13B004E067F /* LaunchScreen.storyboard */; };
		6529E117249FE66F0093FAE1 /* FrequentlyAskedVC.swift in Sources */ = {isa = PBXBuildFile; fileRef = 6529E116249FE66F0093FAE1 /* FrequentlyAskedVC.swift */; };
		6529E119249FECC60093FAE1 /* faq.rtf in Resources */ = {isa = PBXBuildFile; fileRef = 6529E118249FECC60093FAE1 /* faq.rtf */; };
		6529E11B249FEFFB0093FAE1 /* HowToVC.swift in Sources */ = {isa = PBXBuildFile; fileRef = 6529E11A249FEFFB0093FAE1 /* HowToVC.swift */; };
		6529E11D249FF2E30093FAE1 /* howto.rtf in Resources */ = {isa = PBXBuildFile; fileRef = 6529E11C249FF2E30093FAE1 /* howto.rtf */; };
		652C4A5D24AAA77600857883 /* AcknowledgementsVC.swift in Sources */ = {isa = PBXBuildFile; fileRef = 652C4A5C24AAA77600857883 /* AcknowledgementsVC.swift */; };
		652C95E624B28E3B00B471C8 /* SettingsVC.storyboard in Resources */ = {isa = PBXBuildFile; fileRef = 652C95E424B28E3B00B471C8 /* SettingsVC.storyboard */; };
		65315ADE249ADB4D00994E28 /* Clean+DoubleFloat.swift in Sources */ = {isa = PBXBuildFile; fileRef = 65315ADD249ADB4D00994E28 /* Clean+DoubleFloat.swift */; };
		6531720A24A6B06F00709062 /* RecipeVC.swift in Sources */ = {isa = PBXBuildFile; fileRef = 6531720924A6B06F00709062 /* RecipeVC.swift */; };
		6531720E24A6B4DB00709062 /* RoundButton.swift in Sources */ = {isa = PBXBuildFile; fileRef = 6531720D24A6B4DB00709062 /* RoundButton.swift */; };
		6536F2682602934300E2DF28 /* NotesVC.storyboard in Resources */ = {isa = PBXBuildFile; fileRef = 6536F2672602934300E2DF28 /* NotesVC.storyboard */; };
		6536F26C2602936000E2DF28 /* NotesVC.swift in Sources */ = {isa = PBXBuildFile; fileRef = 6536F26B2602936000E2DF28 /* NotesVC.swift */; };
		6536F2702602BD8000E2DF28 /* NoteCell.swift in Sources */ = {isa = PBXBuildFile; fileRef = 6536F26F2602BD8000E2DF28 /* NoteCell.swift */; };
		6536F2782602BEAE00E2DF28 /* NoteDetailsVC.swift in Sources */ = {isa = PBXBuildFile; fileRef = 6536F2772602BEAE00E2DF28 /* NoteDetailsVC.swift */; };
		6536F27C2602BED700E2DF28 /* NoteDetailsVC.storyboard in Resources */ = {isa = PBXBuildFile; fileRef = 6536F27B2602BED600E2DF28 /* NoteDetailsVC.storyboard */; };
		6537159D25F16AE800F162DD /* RatioPickerView.swift in Sources */ = {isa = PBXBuildFile; fileRef = 6537159C25F16AE800F162DD /* RatioPickerView.swift */; };
		653715A125F177B200F162DD /* IntervalPickerView.swift in Sources */ = {isa = PBXBuildFile; fileRef = 653715A025F177B200F162DD /* IntervalPickerView.swift */; };
		653715AB25F1874200F162DD /* PickerToolbar.swift in Sources */ = {isa = PBXBuildFile; fileRef = 653715AA25F1874200F162DD /* PickerToolbar.swift */; };
		653DBF6625F2F31A00AE7D9E /* Constants.swift in Sources */ = {isa = PBXBuildFile; fileRef = 653DBF6525F2F31A00AE7D9E /* Constants.swift */; };
		653E6317260957AE00BA32BF /* NotesTextView.swift in Sources */ = {isa = PBXBuildFile; fileRef = 653E6316260957AE00BA32BF /* NotesTextView.swift */; };
		653E631B26095B6E00BA32BF /* RatingControl.swift in Sources */ = {isa = PBXBuildFile; fileRef = 653E631A26095B6E00BA32BF /* RatingControl.swift */; };
		6542DDF625D8512D0067C704 /* SettingsCoordinator.swift in Sources */ = {isa = PBXBuildFile; fileRef = 6542DDF525D8512D0067C704 /* SettingsCoordinator.swift */; };
		6542DDFA25D858AB0067C704 /* SettingsNavigationController.swift in Sources */ = {isa = PBXBuildFile; fileRef = 6542DDF925D858AB0067C704 /* SettingsNavigationController.swift */; };
		6542EDCB24E20096009AA897 /* BrewSummaryVC.swift in Sources */ = {isa = PBXBuildFile; fileRef = 6542EDCA24E20096009AA897 /* BrewSummaryVC.swift */; };
		6543841625F0541700AB71F7 /* PickerDataSource.swift in Sources */ = {isa = PBXBuildFile; fileRef = 6543841525F0541700AB71F7 /* PickerDataSource.swift */; };
		6543841A25F063CC00AB71F7 /* MinAndSec+Double.swift in Sources */ = {isa = PBXBuildFile; fileRef = 6543841925F063CC00AB71F7 /* MinAndSec+Double.swift */; };
		6557571524A673C00071DDB8 /* ProgressCircle.swift in Sources */ = {isa = PBXBuildFile; fileRef = 6557571424A673C00071DDB8 /* ProgressCircle.swift */; };
		6559A03424BD1B5B00AE4C14 /* IAPManager.swift in Sources */ = {isa = PBXBuildFile; fileRef = 6559A03324BD1B5A00AE4C14 /* IAPManager.swift */; };
		655BB6B324916B3900ED5575 /* SettingsVC.swift in Sources */ = {isa = PBXBuildFile; fileRef = 655BB6B224916B3900ED5575 /* SettingsVC.swift */; };
		6561ACA824BBDC6E00C9F129 /* PurchaseProVC.swift in Sources */ = {isa = PBXBuildFile; fileRef = 6561ACA724BBDC6E00C9F129 /* PurchaseProVC.swift */; };
		6561ACAA24BBDE5800C9F129 /* RoundedView.swift in Sources */ = {isa = PBXBuildFile; fileRef = 6561ACA924BBDE5800C9F129 /* RoundedView.swift */; };
		6561ACAD24BBE64300C9F129 /* PurchaseProVC.storyboard in Resources */ = {isa = PBXBuildFile; fileRef = 6561ACAB24BBE64300C9F129 /* PurchaseProVC.storyboard */; };
		656BE05024AE691E0024AB48 /* CustomSegmentControl.swift in Sources */ = {isa = PBXBuildFile; fileRef = 656BE04F24AE691E0024AB48 /* CustomSegmentControl.swift */; };
		656D0D54251D586A001EE918 /* TimerScheduler.swift in Sources */ = {isa = PBXBuildFile; fileRef = 656D0D53251D586A001EE918 /* TimerScheduler.swift */; };
		6572EE742492A0C5008AAD56 /* WebKit.framework in Frameworks */ = {isa = PBXBuildFile; fileRef = 6572EE732492A0C5008AAD56 /* WebKit.framework */; };
		657744F3249194BE00B199F6 /* WhatIs46VC.swift in Sources */ = {isa = PBXBuildFile; fileRef = 657744F2249194BE00B199F6 /* WhatIs46VC.swift */; };
		6577F2A42603D03E0029E396 /* NotesCoordinator.swift in Sources */ = {isa = PBXBuildFile; fileRef = 6577F2A32603D03E0029E396 /* NotesCoordinator.swift */; };
		6577F2A82603D24F0029E396 /* MainTabBarController.swift in Sources */ = {isa = PBXBuildFile; fileRef = 6577F2A72603D24F0029E396 /* MainTabBarController.swift */; };
		657A2631260A85A20009CD9A /* DoneToolBar+UITextField.swift in Sources */ = {isa = PBXBuildFile; fileRef = 657A2630260A85A20009CD9A /* DoneToolBar+UITextField.swift */; };
		657A263B260AAEFC0009CD9A /* StringFromDate+Date.swift in Sources */ = {isa = PBXBuildFile; fileRef = 657A263A260AAEFC0009CD9A /* StringFromDate+Date.swift */; };
		6584A9B625F6D2110019D8D1 /* RatioCell.swift in Sources */ = {isa = PBXBuildFile; fileRef = 6584A9B525F6D2110019D8D1 /* RatioCell.swift */; };
		6584A9BA25F6D6B90019D8D1 /* IntervalCell.swift in Sources */ = {isa = PBXBuildFile; fileRef = 6584A9B925F6D6B90019D8D1 /* IntervalCell.swift */; };
		6584A9BE25F6F3690019D8D1 /* Settings.swift in Sources */ = {isa = PBXBuildFile; fileRef = 6584A9BD25F6F3690019D8D1 /* Settings.swift */; };
		65859C05247D8DEC00A4CE76 /* BrewVC.swift in Sources */ = {isa = PBXBuildFile; fileRef = 65859C04247D8DEC00A4CE76 /* BrewVC.swift */; };
		65859C09247D95B700A4CE76 /* TimerVC.swift in Sources */ = {isa = PBXBuildFile; fileRef = 65859C08247D95B700A4CE76 /* TimerVC.swift */; };
		659785D025141CB200DFB60A /* CalculatorTests.swift in Sources */ = {isa = PBXBuildFile; fileRef = 659785CF25141CB200DFB60A /* CalculatorTests.swift */; };
		6599310625EEC38600840005 /* Style.swift in Sources */ = {isa = PBXBuildFile; fileRef = 6599310525EEC38600840005 /* Style.swift */; };
		6599310A25EECAF400840005 /* Style+FourSix.swift in Sources */ = {isa = PBXBuildFile; fileRef = 6599310925EECAF400840005 /* Style+FourSix.swift */; };
		659F8803261B9F7000D4F89F /* DateTextField.swift in Sources */ = {isa = PBXBuildFile; fileRef = 659F8802261B9F7000D4F89F /* DateTextField.swift */; };
		659FCE8C2617C9AE00039F6A /* DataSource.swift in Sources */ = {isa = PBXBuildFile; fileRef = 659FCE8B2617C9AE00039F6A /* DataSource.swift */; };
		65A2775425FFE88F0093B0B9 /* AlertHelper.swift in Sources */ = {isa = PBXBuildFile; fileRef = 65A2775325FFE88F0093B0B9 /* AlertHelper.swift */; };
		65A282A0251D3342001AD862 /* MockTimerScheduler.swift in Sources */ = {isa = PBXBuildFile; fileRef = 65A2829F251D3342001AD862 /* MockTimerScheduler.swift */; };
		65AA73E62482DE2F00F8B519 /* WalkthroughContentVC.swift in Sources */ = {isa = PBXBuildFile; fileRef = 65AA73E52482DE2F00F8B519 /* WalkthroughContentVC.swift */; };
		65AA73E82482ED0800F8B519 /* CustomPageViewController.swift in Sources */ = {isa = PBXBuildFile; fileRef = 65AA73E72482ED0800F8B519 /* CustomPageViewController.swift */; };
		65AA73EA2482EE5B00F8B519 /* WalkthroughPageVC.swift in Sources */ = {isa = PBXBuildFile; fileRef = 65AA73E92482EE5B00F8B519 /* WalkthroughPageVC.swift */; };
		65B0D83F25E6D394002B4F34 /* Configuration.storekit in Resources */ = {isa = PBXBuildFile; fileRef = 65B0D83E25E6D394002B4F34 /* Configuration.storekit */; };
		65B0D84025E6D394002B4F34 /* Configuration.storekit in Resources */ = {isa = PBXBuildFile; fileRef = 65B0D83E25E6D394002B4F34 /* Configuration.storekit */; };
		65B3140525F40291004D9758 /* SettingsDataSource.swift in Sources */ = {isa = PBXBuildFile; fileRef = 65B3140425F40291004D9758 /* SettingsDataSource.swift */; };
		65B3140925F41BB4004D9758 /* SwitchTableCell.swift in Sources */ = {isa = PBXBuildFile; fileRef = 65B3140825F41BB4004D9758 /* SwitchTableCell.swift */; };
		65B3140D25F422BD004D9758 /* TextFieldTableCell.swift in Sources */ = {isa = PBXBuildFile; fileRef = 65B3140C25F422BD004D9758 /* TextFieldTableCell.swift */; };
		65BBA6C525E99979003BC3C7 /* PaywallDelegate.swift in Sources */ = {isa = PBXBuildFile; fileRef = 65BBA6C425E99979003BC3C7 /* PaywallDelegate.swift */; };
		65BBA6C925E999DD003BC3C7 /* TimerScheduling.swift in Sources */ = {isa = PBXBuildFile; fileRef = 65BBA6C825E999DD003BC3C7 /* TimerScheduling.swift */; };
		65BBE40125E470F700788156 /* RecipeBarChart.swift in Sources */ = {isa = PBXBuildFile; fileRef = 65BBE40025E470F700788156 /* RecipeBarChart.swift */; };
		65BBE40525E485F400788156 /* RecipeBarDetailView.swift in Sources */ = {isa = PBXBuildFile; fileRef = 65BBE40425E485F400788156 /* RecipeBarDetailView.swift */; };
		65BBE40925E5AB1D00788156 /* Brace+UIBezierPath.swift in Sources */ = {isa = PBXBuildFile; fileRef = 65BBE40825E5AB1D00788156 /* Brace+UIBezierPath.swift */; };
		65BE8A9325D71775007177B8 /* Coordinator.swift in Sources */ = {isa = PBXBuildFile; fileRef = 65BE8A9225D71775007177B8 /* Coordinator.swift */; };
		65BE8A9925D717DA007177B8 /* Storyboarded.swift in Sources */ = {isa = PBXBuildFile; fileRef = 65BE8A9825D717DA007177B8 /* Storyboarded.swift */; };
		65BE8AA025D7231A007177B8 /* BrewCoordinator.swift in Sources */ = {isa = PBXBuildFile; fileRef = 65BE8A9F25D7231A007177B8 /* BrewCoordinator.swift */; };
		65BF064A25D759650075E082 /* MainNavigationController.swift in Sources */ = {isa = PBXBuildFile; fileRef = 65BF064925D759650075E082 /* MainNavigationController.swift */; };
		65D5DE85260D38B800353385 /* SessionMO+CoreDataClass.swift in Sources */ = {isa = PBXBuildFile; fileRef = 65D5DE7B260D38B800353385 /* SessionMO+CoreDataClass.swift */; };
		65D5DE86260D38B800353385 /* SessionMO+CoreDataProperties.swift in Sources */ = {isa = PBXBuildFile; fileRef = 65D5DE7C260D38B800353385 /* SessionMO+CoreDataProperties.swift */; };
		65D5DE89260D38B800353385 /* RecipeMO+CoreDataClass.swift in Sources */ = {isa = PBXBuildFile; fileRef = 65D5DE7F260D38B800353385 /* RecipeMO+CoreDataClass.swift */; };
		65D5DE8A260D38B800353385 /* RecipeMO+CoreDataProperties.swift in Sources */ = {isa = PBXBuildFile; fileRef = 65D5DE80260D38B800353385 /* RecipeMO+CoreDataProperties.swift */; };
		65D5DE8B260D38B800353385 /* CoffeeMO+CoreDataClass.swift in Sources */ = {isa = PBXBuildFile; fileRef = 65D5DE81260D38B800353385 /* CoffeeMO+CoreDataClass.swift */; };
		65D5DE8C260D38B800353385 /* CoffeeMO+CoreDataProperties.swift in Sources */ = {isa = PBXBuildFile; fileRef = 65D5DE82260D38B800353385 /* CoffeeMO+CoreDataProperties.swift */; };
		65D5DE8D260D38B800353385 /* NoteMO+CoreDataClass.swift in Sources */ = {isa = PBXBuildFile; fileRef = 65D5DE83260D38B800353385 /* NoteMO+CoreDataClass.swift */; };
		65D5DE8E260D38B800353385 /* NoteMO+CoreDataProperties.swift in Sources */ = {isa = PBXBuildFile; fileRef = 65D5DE84260D38B800353385 /* NoteMO+CoreDataProperties.swift */; };
		65DD15DD261E6BA300EB000E /* CoffeePickerVC.storyboard in Resources */ = {isa = PBXBuildFile; fileRef = 65DD15DC261E6BA200EB000E /* CoffeePickerVC.storyboard */; };
		65DD15E3261E6D0600EB000E /* CoffeePickerVC.swift in Sources */ = {isa = PBXBuildFile; fileRef = 65DD15E2261E6D0600EB000E /* CoffeePickerVC.swift */; };
		65DD15E7261F739E00EB000E /* CoffeeDataSource.swift in Sources */ = {isa = PBXBuildFile; fileRef = 65DD15E6261F739E00EB000E /* CoffeeDataSource.swift */; };
		65DD15EB261F949E00EB000E /* CoffeeEditorVC.storyboard in Resources */ = {isa = PBXBuildFile; fileRef = 65DD15EA261F949E00EB000E /* CoffeeEditorVC.storyboard */; };
		65DD15F0261F94D900EB000E /* CoffeeEditorVC.swift in Sources */ = {isa = PBXBuildFile; fileRef = 65DD15EF261F94D900EB000E /* CoffeeEditorVC.swift */; };
		65E1205B260E6F060059465B /* SegmentControlCell.swift in Sources */ = {isa = PBXBuildFile; fileRef = 65E1205A260E6F060059465B /* SegmentControlCell.swift */; };
		65E12065261104A90059465B /* DataManager.swift in Sources */ = {isa = PBXBuildFile; fileRef = 65E12064261104A90059465B /* DataManager.swift */; };
		65E120692611209D0059465B /* MangedObjectInitializable.swift in Sources */ = {isa = PBXBuildFile; fileRef = 65E120682611209D0059465B /* MangedObjectInitializable.swift */; };
		65E1206D261129830059465B /* Session.swift in Sources */ = {isa = PBXBuildFile; fileRef = 65E1206C261129830059465B /* Session.swift */; };
		65E12071261129B30059465B /* Coffee.swift in Sources */ = {isa = PBXBuildFile; fileRef = 65E12070261129B30059465B /* Coffee.swift */; };
		65E157D924C635A80082D7AC /* AVFoundation.framework in Frameworks */ = {isa = PBXBuildFile; fileRef = 65E157D824C635A70082D7AC /* AVFoundation.framework */; };
		65EF3BF9251AAEEA0038EA57 /* CoffeeTimerTests.swift in Sources */ = {isa = PBXBuildFile; fileRef = 65EF3BF8251AAEEA0038EA57 /* CoffeeTimerTests.swift */; };
		65F5182725DDCD9A006CF438 /* Ratio.swift in Sources */ = {isa = PBXBuildFile; fileRef = 65F5182625DDCD9A006CF438 /* Ratio.swift */; };
		65F5182B25E052FE006CF438 /* TimerNavigationController.swift in Sources */ = {isa = PBXBuildFile; fileRef = 65F5182A25E052FE006CF438 /* TimerNavigationController.swift */; };
		65F5182F25E06144006CF438 /* TimerCoordinator.swift in Sources */ = {isa = PBXBuildFile; fileRef = 65F5182E25E06144006CF438 /* TimerCoordinator.swift */; };
		65FB31AF24CA130E00781023 /* WalkthroughPageVC.storyboard in Resources */ = {isa = PBXBuildFile; fileRef = 65FB31AD24CA130E00781023 /* WalkthroughPageVC.storyboard */; };
		65FB6549249C18CC00ED732F /* Calculator.swift in Sources */ = {isa = PBXBuildFile; fileRef = 65FB6548249C18CC00ED732F /* Calculator.swift */; };
		65FB654B249C19F800ED732F /* Recipe.swift in Sources */ = {isa = PBXBuildFile; fileRef = 65FB654A249C19F800ED732F /* Recipe.swift */; };
		65FF841D2620F006008B2BE2 /* CoffeePickerView.swift in Sources */ = {isa = PBXBuildFile; fileRef = 65FF841C2620F006008B2BE2 /* CoffeePickerView.swift */; };
		7809654740865E175362B9C9 /* Pods_FourSix_Coffee_Timer.framework in Frameworks */ = {isa = PBXBuildFile; fileRef = 90B655B6E32694C42047CF60 /* Pods_FourSix_Coffee_Timer.framework */; };
/* End PBXBuildFile section */

/* Begin PBXContainerItemProxy section */
		659785D225141CB200DFB60A /* PBXContainerItemProxy */ = {
			isa = PBXContainerItemProxy;
			containerPortal = 652756372475B138004E067F /* Project object */;
			proxyType = 1;
			remoteGlobalIDString = 6527563E2475B138004E067F;
			remoteInfo = "FourSix Coffee Timer";
		};
/* End PBXContainerItemProxy section */

/* Begin PBXFileReference section */
		1359EFBCA6055F83DA97C30B /* Pods-FourSix Coffee Timer.release.xcconfig */ = {isa = PBXFileReference; includeInIndex = 1; lastKnownFileType = text.xcconfig; name = "Pods-FourSix Coffee Timer.release.xcconfig"; path = "Target Support Files/Pods-FourSix Coffee Timer/Pods-FourSix Coffee Timer.release.xcconfig"; sourceTree = "<group>"; };
		65065FEE24B3CA610070E3CE /* UserDefaultsManager.swift */ = {isa = PBXFileReference; lastKnownFileType = sourcecode.swift; path = UserDefaultsManager.swift; sourceTree = "<group>"; };
		650E81F425EDBA9400DF119B /* RecipeVC.storyboard */ = {isa = PBXFileReference; lastKnownFileType = file.storyboard; name = RecipeVC.storyboard; path = "/Users/jonduenas/Local Documents/46 Timer/FourSix Coffee Timer/FourSix Coffee Timer/Controllers/Brew/Recipe/RecipeVC.storyboard"; sourceTree = "<absolute>"; };
		650E81F825EDBAD800DF119B /* TimerVC.storyboard */ = {isa = PBXFileReference; fileEncoding = 4; lastKnownFileType = file.storyboard; path = TimerVC.storyboard; sourceTree = "<group>"; };
		650E81FC25EDBB0900DF119B /* BrewSummaryVC.storyboard */ = {isa = PBXFileReference; fileEncoding = 4; lastKnownFileType = file.storyboard; path = BrewSummaryVC.storyboard; sourceTree = "<group>"; };
		65127BBC260D09CA0014A9E7 /* CoreDataStack.swift */ = {isa = PBXFileReference; lastKnownFileType = sourcecode.swift; path = CoreDataStack.swift; sourceTree = "<group>"; };
		65127BC1260D0A5E0014A9E7 /* FourSix.xcdatamodel */ = {isa = PBXFileReference; lastKnownFileType = wrapper.xcdatamodel; path = FourSix.xcdatamodel; sourceTree = "<group>"; };
		65127BC6260D0B600014A9E7 /* TestCoreDataStack.swift */ = {isa = PBXFileReference; lastKnownFileType = sourcecode.swift; path = TestCoreDataStack.swift; sourceTree = "<group>"; };
		6512EA872603E0C1002DC1CF /* Note.swift */ = {isa = PBXFileReference; lastKnownFileType = sourcecode.swift; path = Note.swift; sourceTree = "<group>"; };
		6515EACE24B2563B004255EB /* Shadow.swift */ = {isa = PBXFileReference; lastKnownFileType = sourcecode.swift; path = Shadow.swift; sourceTree = "<group>"; };
		65185B9324BF8CB200F47F30 /* LoadingButton.swift */ = {isa = PBXFileReference; lastKnownFileType = sourcecode.swift; path = LoadingButton.swift; sourceTree = "<group>"; };
		6518D13424B4FADE00F786C4 /* Settings.bundle */ = {isa = PBXFileReference; lastKnownFileType = "wrapper.plug-in"; path = Settings.bundle; sourceTree = "<group>"; };
		651ACC0E249D96ED0087C4F3 /* CoffeeTimer.swift */ = {isa = PBXFileReference; lastKnownFileType = sourcecode.swift; name = CoffeeTimer.swift; path = "FourSix Coffee Timer/Model/CoffeeTimer.swift"; sourceTree = SOURCE_ROOT; };
		6520951124B953550014CE21 /* StoreKit.framework */ = {isa = PBXFileReference; lastKnownFileType = wrapper.framework; name = StoreKit.framework; path = System/Library/Frameworks/StoreKit.framework; sourceTree = SDKROOT; };
		6522A40D24A955EB00583547 /* custom-notification.mp3 */ = {isa = PBXFileReference; lastKnownFileType = audio.mp3; path = "custom-notification.mp3"; sourceTree = "<group>"; };
		6527563F2475B138004E067F /* FourSix.app */ = {isa = PBXFileReference; explicitFileType = wrapper.application; includeInIndex = 0; path = FourSix.app; sourceTree = BUILT_PRODUCTS_DIR; };
		652756422475B138004E067F /* AppDelegate.swift */ = {isa = PBXFileReference; lastKnownFileType = sourcecode.swift; path = AppDelegate.swift; sourceTree = "<group>"; };
		652756442475B138004E067F /* SceneDelegate.swift */ = {isa = PBXFileReference; lastKnownFileType = sourcecode.swift; path = SceneDelegate.swift; sourceTree = "<group>"; };
		652756492475B138004E067F /* Base */ = {isa = PBXFileReference; lastKnownFileType = file.storyboard; name = Base; path = Base.lproj/BrewVC.storyboard; sourceTree = "<group>"; };
		6527564B2475B13B004E067F /* Assets.xcassets */ = {isa = PBXFileReference; lastKnownFileType = folder.assetcatalog; path = Assets.xcassets; sourceTree = "<group>"; };
		6527564E2475B13B004E067F /* Base */ = {isa = PBXFileReference; lastKnownFileType = file.storyboard; name = Base; path = Base.lproj/LaunchScreen.storyboard; sourceTree = "<group>"; };
		652756502475B13B004E067F /* Info.plist */ = {isa = PBXFileReference; lastKnownFileType = text.plist.xml; path = Info.plist; sourceTree = "<group>"; };
		6529E116249FE66F0093FAE1 /* FrequentlyAskedVC.swift */ = {isa = PBXFileReference; lastKnownFileType = sourcecode.swift; path = FrequentlyAskedVC.swift; sourceTree = "<group>"; };
		6529E118249FECC60093FAE1 /* faq.rtf */ = {isa = PBXFileReference; fileEncoding = 4; lastKnownFileType = text.rtf; path = faq.rtf; sourceTree = "<group>"; };
		6529E11A249FEFFB0093FAE1 /* HowToVC.swift */ = {isa = PBXFileReference; lastKnownFileType = sourcecode.swift; name = HowToVC.swift; path = "FourSix Coffee Timer/Controllers/Settings/About/HowToVC.swift"; sourceTree = SOURCE_ROOT; };
		6529E11C249FF2E30093FAE1 /* howto.rtf */ = {isa = PBXFileReference; fileEncoding = 4; lastKnownFileType = text.rtf; path = howto.rtf; sourceTree = "<group>"; };
		652C4A5C24AAA77600857883 /* AcknowledgementsVC.swift */ = {isa = PBXFileReference; lastKnownFileType = sourcecode.swift; path = AcknowledgementsVC.swift; sourceTree = "<group>"; };
		652C95E524B28E3B00B471C8 /* Base */ = {isa = PBXFileReference; lastKnownFileType = file.storyboard; name = Base; path = Base.lproj/SettingsVC.storyboard; sourceTree = "<group>"; };
		65315ADD249ADB4D00994E28 /* Clean+DoubleFloat.swift */ = {isa = PBXFileReference; fileEncoding = 4; lastKnownFileType = sourcecode.swift; path = "Clean+DoubleFloat.swift"; sourceTree = "<group>"; };
		6531720924A6B06F00709062 /* RecipeVC.swift */ = {isa = PBXFileReference; lastKnownFileType = sourcecode.swift; path = RecipeVC.swift; sourceTree = "<group>"; };
		6531720D24A6B4DB00709062 /* RoundButton.swift */ = {isa = PBXFileReference; lastKnownFileType = sourcecode.swift; path = RoundButton.swift; sourceTree = "<group>"; };
		6536F2672602934300E2DF28 /* NotesVC.storyboard */ = {isa = PBXFileReference; lastKnownFileType = file.storyboard; path = NotesVC.storyboard; sourceTree = "<group>"; };
		6536F26B2602936000E2DF28 /* NotesVC.swift */ = {isa = PBXFileReference; lastKnownFileType = sourcecode.swift; path = NotesVC.swift; sourceTree = "<group>"; };
		6536F26F2602BD8000E2DF28 /* NoteCell.swift */ = {isa = PBXFileReference; lastKnownFileType = sourcecode.swift; path = NoteCell.swift; sourceTree = "<group>"; };
		6536F2772602BEAE00E2DF28 /* NoteDetailsVC.swift */ = {isa = PBXFileReference; lastKnownFileType = sourcecode.swift; path = NoteDetailsVC.swift; sourceTree = "<group>"; };
		6536F27B2602BED600E2DF28 /* NoteDetailsVC.storyboard */ = {isa = PBXFileReference; lastKnownFileType = file.storyboard; path = NoteDetailsVC.storyboard; sourceTree = "<group>"; };
		6537159C25F16AE800F162DD /* RatioPickerView.swift */ = {isa = PBXFileReference; lastKnownFileType = sourcecode.swift; path = RatioPickerView.swift; sourceTree = "<group>"; };
		653715A025F177B200F162DD /* IntervalPickerView.swift */ = {isa = PBXFileReference; lastKnownFileType = sourcecode.swift; path = IntervalPickerView.swift; sourceTree = "<group>"; };
		653715AA25F1874200F162DD /* PickerToolbar.swift */ = {isa = PBXFileReference; lastKnownFileType = sourcecode.swift; path = PickerToolbar.swift; sourceTree = "<group>"; };
		653DBF6525F2F31A00AE7D9E /* Constants.swift */ = {isa = PBXFileReference; lastKnownFileType = sourcecode.swift; path = Constants.swift; sourceTree = "<group>"; };
		653E6316260957AE00BA32BF /* NotesTextView.swift */ = {isa = PBXFileReference; lastKnownFileType = sourcecode.swift; path = NotesTextView.swift; sourceTree = "<group>"; };
		653E631A26095B6E00BA32BF /* RatingControl.swift */ = {isa = PBXFileReference; lastKnownFileType = sourcecode.swift; path = RatingControl.swift; sourceTree = "<group>"; };
		6542DDF525D8512D0067C704 /* SettingsCoordinator.swift */ = {isa = PBXFileReference; lastKnownFileType = sourcecode.swift; path = SettingsCoordinator.swift; sourceTree = "<group>"; };
		6542DDF925D858AB0067C704 /* SettingsNavigationController.swift */ = {isa = PBXFileReference; lastKnownFileType = sourcecode.swift; path = SettingsNavigationController.swift; sourceTree = "<group>"; };
		6542EDCA24E20096009AA897 /* BrewSummaryVC.swift */ = {isa = PBXFileReference; lastKnownFileType = sourcecode.swift; path = BrewSummaryVC.swift; sourceTree = "<group>"; };
		6543841525F0541700AB71F7 /* PickerDataSource.swift */ = {isa = PBXFileReference; lastKnownFileType = sourcecode.swift; path = PickerDataSource.swift; sourceTree = "<group>"; };
		6543841925F063CC00AB71F7 /* MinAndSec+Double.swift */ = {isa = PBXFileReference; lastKnownFileType = sourcecode.swift; path = "MinAndSec+Double.swift"; sourceTree = "<group>"; };
		6557571424A673C00071DDB8 /* ProgressCircle.swift */ = {isa = PBXFileReference; lastKnownFileType = sourcecode.swift; name = ProgressCircle.swift; path = "FourSix Coffee Timer/View/ProgressCircle.swift"; sourceTree = SOURCE_ROOT; };
		6559A03324BD1B5A00AE4C14 /* IAPManager.swift */ = {isa = PBXFileReference; lastKnownFileType = sourcecode.swift; path = IAPManager.swift; sourceTree = "<group>"; };
		655BB6B224916B3900ED5575 /* SettingsVC.swift */ = {isa = PBXFileReference; lastKnownFileType = sourcecode.swift; path = SettingsVC.swift; sourceTree = "<group>"; };
		6561ACA724BBDC6E00C9F129 /* PurchaseProVC.swift */ = {isa = PBXFileReference; lastKnownFileType = sourcecode.swift; path = PurchaseProVC.swift; sourceTree = "<group>"; };
		6561ACA924BBDE5800C9F129 /* RoundedView.swift */ = {isa = PBXFileReference; lastKnownFileType = sourcecode.swift; path = RoundedView.swift; sourceTree = "<group>"; };
		6561ACAC24BBE64300C9F129 /* Base */ = {isa = PBXFileReference; lastKnownFileType = file.storyboard; name = Base; path = Base.lproj/PurchaseProVC.storyboard; sourceTree = "<group>"; };
		656BE04F24AE691E0024AB48 /* CustomSegmentControl.swift */ = {isa = PBXFileReference; lastKnownFileType = sourcecode.swift; path = CustomSegmentControl.swift; sourceTree = "<group>"; };
		656D0D53251D586A001EE918 /* TimerScheduler.swift */ = {isa = PBXFileReference; lastKnownFileType = sourcecode.swift; path = TimerScheduler.swift; sourceTree = "<group>"; };
		6572EE732492A0C5008AAD56 /* WebKit.framework */ = {isa = PBXFileReference; lastKnownFileType = wrapper.framework; name = WebKit.framework; path = System/Library/Frameworks/WebKit.framework; sourceTree = SDKROOT; };
		657744F2249194BE00B199F6 /* WhatIs46VC.swift */ = {isa = PBXFileReference; lastKnownFileType = sourcecode.swift; path = WhatIs46VC.swift; sourceTree = "<group>"; };
		6577F2A32603D03E0029E396 /* NotesCoordinator.swift */ = {isa = PBXFileReference; lastKnownFileType = sourcecode.swift; path = NotesCoordinator.swift; sourceTree = "<group>"; };
		6577F2A72603D24F0029E396 /* MainTabBarController.swift */ = {isa = PBXFileReference; lastKnownFileType = sourcecode.swift; path = MainTabBarController.swift; sourceTree = "<group>"; };
		6579557F25E32FE500BC244E /* Charts.framework */ = {isa = PBXFileReference; explicitFileType = wrapper.framework; path = Charts.framework; sourceTree = BUILT_PRODUCTS_DIR; };
		657A2630260A85A20009CD9A /* DoneToolBar+UITextField.swift */ = {isa = PBXFileReference; lastKnownFileType = sourcecode.swift; path = "DoneToolBar+UITextField.swift"; sourceTree = "<group>"; };
		657A263A260AAEFC0009CD9A /* StringFromDate+Date.swift */ = {isa = PBXFileReference; lastKnownFileType = sourcecode.swift; path = "StringFromDate+Date.swift"; sourceTree = "<group>"; };
		6584A9B525F6D2110019D8D1 /* RatioCell.swift */ = {isa = PBXFileReference; lastKnownFileType = sourcecode.swift; path = RatioCell.swift; sourceTree = "<group>"; };
		6584A9B925F6D6B90019D8D1 /* IntervalCell.swift */ = {isa = PBXFileReference; lastKnownFileType = sourcecode.swift; path = IntervalCell.swift; sourceTree = "<group>"; };
		6584A9BD25F6F3690019D8D1 /* Settings.swift */ = {isa = PBXFileReference; lastKnownFileType = sourcecode.swift; path = Settings.swift; sourceTree = "<group>"; };
		65859C04247D8DEC00A4CE76 /* BrewVC.swift */ = {isa = PBXFileReference; lastKnownFileType = sourcecode.swift; path = BrewVC.swift; sourceTree = "<group>"; };
		65859C08247D95B700A4CE76 /* TimerVC.swift */ = {isa = PBXFileReference; lastKnownFileType = sourcecode.swift; path = TimerVC.swift; sourceTree = "<group>"; };
		659785CD25141CB200DFB60A /* FourSixTests.xctest */ = {isa = PBXFileReference; explicitFileType = wrapper.cfbundle; includeInIndex = 0; path = FourSixTests.xctest; sourceTree = BUILT_PRODUCTS_DIR; };
		659785CF25141CB200DFB60A /* CalculatorTests.swift */ = {isa = PBXFileReference; lastKnownFileType = sourcecode.swift; path = CalculatorTests.swift; sourceTree = "<group>"; };
		659785D125141CB200DFB60A /* Info.plist */ = {isa = PBXFileReference; lastKnownFileType = text.plist.xml; path = Info.plist; sourceTree = "<group>"; };
		6599310525EEC38600840005 /* Style.swift */ = {isa = PBXFileReference; lastKnownFileType = sourcecode.swift; path = Style.swift; sourceTree = "<group>"; };
		6599310925EECAF400840005 /* Style+FourSix.swift */ = {isa = PBXFileReference; lastKnownFileType = sourcecode.swift; path = "Style+FourSix.swift"; sourceTree = "<group>"; };
		659F8802261B9F7000D4F89F /* DateTextField.swift */ = {isa = PBXFileReference; lastKnownFileType = sourcecode.swift; path = DateTextField.swift; sourceTree = "<group>"; };
		659FCE8B2617C9AE00039F6A /* DataSource.swift */ = {isa = PBXFileReference; lastKnownFileType = sourcecode.swift; path = DataSource.swift; sourceTree = "<group>"; };
		65A2775325FFE88F0093B0B9 /* AlertHelper.swift */ = {isa = PBXFileReference; lastKnownFileType = sourcecode.swift; path = AlertHelper.swift; sourceTree = "<group>"; };
		65A2829F251D3342001AD862 /* MockTimerScheduler.swift */ = {isa = PBXFileReference; lastKnownFileType = sourcecode.swift; path = MockTimerScheduler.swift; sourceTree = "<group>"; };
		65AA73E52482DE2F00F8B519 /* WalkthroughContentVC.swift */ = {isa = PBXFileReference; lastKnownFileType = sourcecode.swift; path = WalkthroughContentVC.swift; sourceTree = "<group>"; };
		65AA73E72482ED0800F8B519 /* CustomPageViewController.swift */ = {isa = PBXFileReference; lastKnownFileType = sourcecode.swift; path = CustomPageViewController.swift; sourceTree = "<group>"; };
		65AA73E92482EE5B00F8B519 /* WalkthroughPageVC.swift */ = {isa = PBXFileReference; lastKnownFileType = sourcecode.swift; path = WalkthroughPageVC.swift; sourceTree = "<group>"; };
		65B0D83E25E6D394002B4F34 /* Configuration.storekit */ = {isa = PBXFileReference; lastKnownFileType = text; path = Configuration.storekit; sourceTree = "<group>"; };
		65B3140425F40291004D9758 /* SettingsDataSource.swift */ = {isa = PBXFileReference; lastKnownFileType = sourcecode.swift; path = SettingsDataSource.swift; sourceTree = "<group>"; };
		65B3140825F41BB4004D9758 /* SwitchTableCell.swift */ = {isa = PBXFileReference; lastKnownFileType = sourcecode.swift; path = SwitchTableCell.swift; sourceTree = "<group>"; };
		65B3140C25F422BD004D9758 /* TextFieldTableCell.swift */ = {isa = PBXFileReference; lastKnownFileType = sourcecode.swift; path = TextFieldTableCell.swift; sourceTree = "<group>"; };
		65BBA6C425E99979003BC3C7 /* PaywallDelegate.swift */ = {isa = PBXFileReference; lastKnownFileType = sourcecode.swift; path = PaywallDelegate.swift; sourceTree = "<group>"; };
		65BBA6C825E999DD003BC3C7 /* TimerScheduling.swift */ = {isa = PBXFileReference; lastKnownFileType = sourcecode.swift; path = TimerScheduling.swift; sourceTree = "<group>"; };
		65BBE40025E470F700788156 /* RecipeBarChart.swift */ = {isa = PBXFileReference; lastKnownFileType = sourcecode.swift; path = RecipeBarChart.swift; sourceTree = "<group>"; };
		65BBE40425E485F400788156 /* RecipeBarDetailView.swift */ = {isa = PBXFileReference; lastKnownFileType = sourcecode.swift; path = RecipeBarDetailView.swift; sourceTree = "<group>"; };
		65BBE40825E5AB1D00788156 /* Brace+UIBezierPath.swift */ = {isa = PBXFileReference; lastKnownFileType = sourcecode.swift; path = "Brace+UIBezierPath.swift"; sourceTree = "<group>"; };
		65BE8A9225D71775007177B8 /* Coordinator.swift */ = {isa = PBXFileReference; lastKnownFileType = sourcecode.swift; path = Coordinator.swift; sourceTree = "<group>"; };
		65BE8A9825D717DA007177B8 /* Storyboarded.swift */ = {isa = PBXFileReference; lastKnownFileType = sourcecode.swift; path = Storyboarded.swift; sourceTree = "<group>"; };
		65BE8A9F25D7231A007177B8 /* BrewCoordinator.swift */ = {isa = PBXFileReference; lastKnownFileType = sourcecode.swift; path = BrewCoordinator.swift; sourceTree = "<group>"; };
		65BF064925D759650075E082 /* MainNavigationController.swift */ = {isa = PBXFileReference; lastKnownFileType = sourcecode.swift; path = MainNavigationController.swift; sourceTree = "<group>"; };
		65D5DE7B260D38B800353385 /* SessionMO+CoreDataClass.swift */ = {isa = PBXFileReference; lastKnownFileType = sourcecode.swift; path = "SessionMO+CoreDataClass.swift"; sourceTree = "<group>"; };
		65D5DE7C260D38B800353385 /* SessionMO+CoreDataProperties.swift */ = {isa = PBXFileReference; lastKnownFileType = sourcecode.swift; path = "SessionMO+CoreDataProperties.swift"; sourceTree = "<group>"; };
		65D5DE7F260D38B800353385 /* RecipeMO+CoreDataClass.swift */ = {isa = PBXFileReference; lastKnownFileType = sourcecode.swift; path = "RecipeMO+CoreDataClass.swift"; sourceTree = "<group>"; };
		65D5DE80260D38B800353385 /* RecipeMO+CoreDataProperties.swift */ = {isa = PBXFileReference; lastKnownFileType = sourcecode.swift; path = "RecipeMO+CoreDataProperties.swift"; sourceTree = "<group>"; };
		65D5DE81260D38B800353385 /* CoffeeMO+CoreDataClass.swift */ = {isa = PBXFileReference; lastKnownFileType = sourcecode.swift; path = "CoffeeMO+CoreDataClass.swift"; sourceTree = "<group>"; };
		65D5DE82260D38B800353385 /* CoffeeMO+CoreDataProperties.swift */ = {isa = PBXFileReference; lastKnownFileType = sourcecode.swift; path = "CoffeeMO+CoreDataProperties.swift"; sourceTree = "<group>"; };
		65D5DE83260D38B800353385 /* NoteMO+CoreDataClass.swift */ = {isa = PBXFileReference; lastKnownFileType = sourcecode.swift; path = "NoteMO+CoreDataClass.swift"; sourceTree = "<group>"; };
		65D5DE84260D38B800353385 /* NoteMO+CoreDataProperties.swift */ = {isa = PBXFileReference; lastKnownFileType = sourcecode.swift; path = "NoteMO+CoreDataProperties.swift"; sourceTree = "<group>"; };
		65DD15DC261E6BA200EB000E /* CoffeePickerVC.storyboard */ = {isa = PBXFileReference; lastKnownFileType = file.storyboard; path = CoffeePickerVC.storyboard; sourceTree = "<group>"; };
		65DD15E2261E6D0600EB000E /* CoffeePickerVC.swift */ = {isa = PBXFileReference; lastKnownFileType = sourcecode.swift; path = CoffeePickerVC.swift; sourceTree = "<group>"; };
		65DD15E6261F739E00EB000E /* CoffeeDataSource.swift */ = {isa = PBXFileReference; lastKnownFileType = sourcecode.swift; path = CoffeeDataSource.swift; sourceTree = "<group>"; };
		65DD15EA261F949E00EB000E /* CoffeeEditorVC.storyboard */ = {isa = PBXFileReference; fileEncoding = 4; lastKnownFileType = file.storyboard; path = CoffeeEditorVC.storyboard; sourceTree = "<group>"; };
		65DD15EF261F94D900EB000E /* CoffeeEditorVC.swift */ = {isa = PBXFileReference; lastKnownFileType = sourcecode.swift; path = CoffeeEditorVC.swift; sourceTree = "<group>"; };
		65E1205A260E6F060059465B /* SegmentControlCell.swift */ = {isa = PBXFileReference; lastKnownFileType = sourcecode.swift; path = SegmentControlCell.swift; sourceTree = "<group>"; };
		65E12064261104A90059465B /* DataManager.swift */ = {isa = PBXFileReference; lastKnownFileType = sourcecode.swift; path = DataManager.swift; sourceTree = "<group>"; };
		65E120682611209D0059465B /* MangedObjectInitializable.swift */ = {isa = PBXFileReference; lastKnownFileType = sourcecode.swift; path = MangedObjectInitializable.swift; sourceTree = "<group>"; };
		65E1206C261129830059465B /* Session.swift */ = {isa = PBXFileReference; lastKnownFileType = sourcecode.swift; path = Session.swift; sourceTree = "<group>"; };
		65E12070261129B30059465B /* Coffee.swift */ = {isa = PBXFileReference; lastKnownFileType = sourcecode.swift; path = Coffee.swift; sourceTree = "<group>"; };
		65E157D824C635A70082D7AC /* AVFoundation.framework */ = {isa = PBXFileReference; lastKnownFileType = wrapper.framework; name = AVFoundation.framework; path = System/Library/Frameworks/AVFoundation.framework; sourceTree = SDKROOT; };
		65EF3BF8251AAEEA0038EA57 /* CoffeeTimerTests.swift */ = {isa = PBXFileReference; lastKnownFileType = sourcecode.swift; path = CoffeeTimerTests.swift; sourceTree = "<group>"; };
		65F5182625DDCD9A006CF438 /* Ratio.swift */ = {isa = PBXFileReference; lastKnownFileType = sourcecode.swift; path = Ratio.swift; sourceTree = "<group>"; };
		65F5182A25E052FE006CF438 /* TimerNavigationController.swift */ = {isa = PBXFileReference; lastKnownFileType = sourcecode.swift; path = TimerNavigationController.swift; sourceTree = "<group>"; };
		65F5182E25E06144006CF438 /* TimerCoordinator.swift */ = {isa = PBXFileReference; lastKnownFileType = sourcecode.swift; path = TimerCoordinator.swift; sourceTree = "<group>"; };
		65FB31AE24CA130E00781023 /* Base */ = {isa = PBXFileReference; lastKnownFileType = file.storyboard; name = Base; path = Base.lproj/WalkthroughPageVC.storyboard; sourceTree = "<group>"; };
		65FB6548249C18CC00ED732F /* Calculator.swift */ = {isa = PBXFileReference; lastKnownFileType = sourcecode.swift; path = Calculator.swift; sourceTree = "<group>"; };
		65FB654A249C19F800ED732F /* Recipe.swift */ = {isa = PBXFileReference; lastKnownFileType = sourcecode.swift; path = Recipe.swift; sourceTree = "<group>"; };
		65FF841C2620F006008B2BE2 /* CoffeePickerView.swift */ = {isa = PBXFileReference; lastKnownFileType = sourcecode.swift; path = CoffeePickerView.swift; sourceTree = "<group>"; };
		90B655B6E32694C42047CF60 /* Pods_FourSix_Coffee_Timer.framework */ = {isa = PBXFileReference; explicitFileType = wrapper.framework; includeInIndex = 0; path = Pods_FourSix_Coffee_Timer.framework; sourceTree = BUILT_PRODUCTS_DIR; };
		F3C3092A6CB8D224FB0CD0F1 /* Pods-FourSix Coffee Timer.debug.xcconfig */ = {isa = PBXFileReference; includeInIndex = 1; lastKnownFileType = text.xcconfig; name = "Pods-FourSix Coffee Timer.debug.xcconfig"; path = "Target Support Files/Pods-FourSix Coffee Timer/Pods-FourSix Coffee Timer.debug.xcconfig"; sourceTree = "<group>"; };
/* End PBXFileReference section */

/* Begin PBXFrameworksBuildPhase section */
		6527563C2475B138004E067F /* Frameworks */ = {
			isa = PBXFrameworksBuildPhase;
			buildActionMask = 2147483647;
			files = (
				65E157D924C635A80082D7AC /* AVFoundation.framework in Frameworks */,
				6520951224B953550014CE21 /* StoreKit.framework in Frameworks */,
				6572EE742492A0C5008AAD56 /* WebKit.framework in Frameworks */,
				7809654740865E175362B9C9 /* Pods_FourSix_Coffee_Timer.framework in Frameworks */,
			);
			runOnlyForDeploymentPostprocessing = 0;
		};
		659785CA25141CB200DFB60A /* Frameworks */ = {
			isa = PBXFrameworksBuildPhase;
			buildActionMask = 2147483647;
			files = (
			);
			runOnlyForDeploymentPostprocessing = 0;
		};
/* End PBXFrameworksBuildPhase section */

/* Begin PBXGroup section */
		650E81EF25EDBA0500DF119B /* PurchasePro */ = {
			isa = PBXGroup;
			children = (
				6561ACAB24BBE64300C9F129 /* PurchaseProVC.storyboard */,
				6561ACA724BBDC6E00C9F129 /* PurchaseProVC.swift */,
			);
			path = PurchasePro;
			sourceTree = "<group>";
		};
		65127BC5260D0B4A0014A9E7 /* Test Fakes */ = {
			isa = PBXGroup;
			children = (
				65127BC6260D0B600014A9E7 /* TestCoreDataStack.swift */,
			);
			path = "Test Fakes";
			sourceTree = "<group>";
		};
		65127BD3260D0C810014A9E7 /* Support */ = {
			isa = PBXGroup;
			children = (
			);
			path = Support;
			sourceTree = "<group>";
		};
		652756362475B138004E067F = {
			isa = PBXGroup;
			children = (
				652756412475B138004E067F /* FourSix Coffee Timer */,
				659785CE25141CB200DFB60A /* FourSixTests */,
				652756402475B138004E067F /* Products */,
				6572EE722492A0C5008AAD56 /* Frameworks */,
				DB8B806FFE40500727875B03 /* Pods */,
			);
			sourceTree = "<group>";
		};
		652756402475B138004E067F /* Products */ = {
			isa = PBXGroup;
			children = (
				6527563F2475B138004E067F /* FourSix.app */,
				659785CD25141CB200DFB60A /* FourSixTests.xctest */,
			);
			name = Products;
			sourceTree = "<group>";
		};
		652756412475B138004E067F /* FourSix Coffee Timer */ = {
			isa = PBXGroup;
			children = (
				65B0D83E25E6D394002B4F34 /* Configuration.storekit */,
				653DBF6525F2F31A00AE7D9E /* Constants.swift */,
				6518D13424B4FADE00F786C4 /* Settings.bundle */,
				652756502475B13B004E067F /* Info.plist */,
				653DBF6925F2F5A700AE7D9E /* Lifecycle */,
				654B2F3924C78C2600AA3A7C /* Assets */,
				65127BD3260D0C810014A9E7 /* Support */,
				65BE8A9125D7175A007177B8 /* Protocols */,
				65A2774925FFE6C70093B0B9 /* Helpers */,
				654B2F3B24C78C9C00AA3A7C /* Extensions */,
				65FB6547249C18A100ED732F /* Model */,
				65AFC1FB249D55A300576AFA /* View */,
				65AFC1FC249D5A0800576AFA /* Controllers */,
				65127BC5260D0B4A0014A9E7 /* Test Fakes */,
			);
			path = "FourSix Coffee Timer";
			sourceTree = "<group>";
		};
		6536F2662602931D00E2DF28 /* Notes */ = {
			isa = PBXGroup;
			children = (
				6577F2A32603D03E0029E396 /* NotesCoordinator.swift */,
				653E631A26095B6E00BA32BF /* RatingControl.swift */,
				6536F2732602BE6000E2DF28 /* NotesTable */,
				6536F2762602BE7000E2DF28 /* NoteDetails */,
				65DD15DB261E6B8200EB000E /* CoffeePicker */,
			);
			path = Notes;
			sourceTree = "<group>";
		};
		6536F2732602BE6000E2DF28 /* NotesTable */ = {
			isa = PBXGroup;
			children = (
				6536F2672602934300E2DF28 /* NotesVC.storyboard */,
				6536F26B2602936000E2DF28 /* NotesVC.swift */,
				659FCE8B2617C9AE00039F6A /* DataSource.swift */,
				6536F26F2602BD8000E2DF28 /* NoteCell.swift */,
			);
			path = NotesTable;
			sourceTree = "<group>";
		};
		6536F2762602BE7000E2DF28 /* NoteDetails */ = {
			isa = PBXGroup;
			children = (
				6536F27B2602BED600E2DF28 /* NoteDetailsVC.storyboard */,
				6536F2772602BEAE00E2DF28 /* NoteDetailsVC.swift */,
				659F8802261B9F7000D4F89F /* DateTextField.swift */,
				653E6316260957AE00BA32BF /* NotesTextView.swift */,
				65FF841C2620F006008B2BE2 /* CoffeePickerView.swift */,
			);
			path = NoteDetails;
			sourceTree = "<group>";
		};
		653DBF6925F2F5A700AE7D9E /* Lifecycle */ = {
			isa = PBXGroup;
			children = (
				652756422475B138004E067F /* AppDelegate.swift */,
				652756442475B138004E067F /* SceneDelegate.swift */,
			);
			path = Lifecycle;
			sourceTree = "<group>";
		};
		654B2F3924C78C2600AA3A7C /* Assets */ = {
			isa = PBXGroup;
			children = (
				654B2F3A24C78C4500AA3A7C /* Sounds */,
				6527564B2475B13B004E067F /* Assets.xcassets */,
			);
			path = Assets;
			sourceTree = "<group>";
		};
		654B2F3A24C78C4500AA3A7C /* Sounds */ = {
			isa = PBXGroup;
			children = (
				6522A40D24A955EB00583547 /* custom-notification.mp3 */,
			);
			path = Sounds;
			sourceTree = "<group>";
		};
		654B2F3B24C78C9C00AA3A7C /* Extensions */ = {
			isa = PBXGroup;
			children = (
				65315ADD249ADB4D00994E28 /* Clean+DoubleFloat.swift */,
				657A263A260AAEFC0009CD9A /* StringFromDate+Date.swift */,
				6543841925F063CC00AB71F7 /* MinAndSec+Double.swift */,
				65BBE40825E5AB1D00788156 /* Brace+UIBezierPath.swift */,
				657A2630260A85A20009CD9A /* DoneToolBar+UITextField.swift */,
			);
			path = Extensions;
			sourceTree = "<group>";
		};
		6572EE722492A0C5008AAD56 /* Frameworks */ = {
			isa = PBXGroup;
			children = (
				6579557F25E32FE500BC244E /* Charts.framework */,
				65E157D824C635A70082D7AC /* AVFoundation.framework */,
				6520951124B953550014CE21 /* StoreKit.framework */,
				6572EE732492A0C5008AAD56 /* WebKit.framework */,
				90B655B6E32694C42047CF60 /* Pods_FourSix_Coffee_Timer.framework */,
			);
			name = Frameworks;
			sourceTree = "<group>";
		};
		659785CE25141CB200DFB60A /* FourSixTests */ = {
			isa = PBXGroup;
			children = (
				65EF3BF8251AAEEA0038EA57 /* CoffeeTimerTests.swift */,
				65A2829F251D3342001AD862 /* MockTimerScheduler.swift */,
				659785CF25141CB200DFB60A /* CalculatorTests.swift */,
				659785D125141CB200DFB60A /* Info.plist */,
			);
			path = FourSixTests;
			sourceTree = "<group>";
		};
		6599B4732524FF73005EA7DD /* Settings */ = {
			isa = PBXGroup;
			children = (
				65A2774C25FFE7380093B0B9 /* About */,
				65A2774D25FFE7630093B0B9 /* TableViewCells */,
				65A2774E25FFE77E0093B0B9 /* Pickers */,
				652C95E424B28E3B00B471C8 /* SettingsVC.storyboard */,
				655BB6B224916B3900ED5575 /* SettingsVC.swift */,
				65B3140425F40291004D9758 /* SettingsDataSource.swift */,
				6542DDF525D8512D0067C704 /* SettingsCoordinator.swift */,
				6542DDF925D858AB0067C704 /* SettingsNavigationController.swift */,
			);
			path = Settings;
			sourceTree = "<group>";
		};
		6599B4762524FF99005EA7DD /* Walkthrough */ = {
			isa = PBXGroup;
			children = (
				65FB31AD24CA130E00781023 /* WalkthroughPageVC.storyboard */,
				65AA73E92482EE5B00F8B519 /* WalkthroughPageVC.swift */,
				65AA73E52482DE2F00F8B519 /* WalkthroughContentVC.swift */,
				65AA73E72482ED0800F8B519 /* CustomPageViewController.swift */,
			);
			path = Walkthrough;
			sourceTree = "<group>";
		};
		65A2774925FFE6C70093B0B9 /* Helpers */ = {
			isa = PBXGroup;
			children = (
				6559A03324BD1B5A00AE4C14 /* IAPManager.swift */,
				65A2775325FFE88F0093B0B9 /* AlertHelper.swift */,
				65065FEE24B3CA610070E3CE /* UserDefaultsManager.swift */,
				65127BBC260D09CA0014A9E7 /* CoreDataStack.swift */,
				65E12064261104A90059465B /* DataManager.swift */,
			);
			path = Helpers;
			sourceTree = "<group>";
		};
		65A2774C25FFE7380093B0B9 /* About */ = {
			isa = PBXGroup;
			children = (
				657744F2249194BE00B199F6 /* WhatIs46VC.swift */,
				6529E11A249FEFFB0093FAE1 /* HowToVC.swift */,
				6529E116249FE66F0093FAE1 /* FrequentlyAskedVC.swift */,
				652C4A5C24AAA77600857883 /* AcknowledgementsVC.swift */,
			);
			path = About;
			sourceTree = "<group>";
		};
		65A2774D25FFE7630093B0B9 /* TableViewCells */ = {
			isa = PBXGroup;
			children = (
				65B3140825F41BB4004D9758 /* SwitchTableCell.swift */,
				65B3140C25F422BD004D9758 /* TextFieldTableCell.swift */,
				6584A9B525F6D2110019D8D1 /* RatioCell.swift */,
				65E1205A260E6F060059465B /* SegmentControlCell.swift */,
				6584A9B925F6D6B90019D8D1 /* IntervalCell.swift */,
			);
			path = TableViewCells;
			sourceTree = "<group>";
		};
		65A2774E25FFE77E0093B0B9 /* Pickers */ = {
			isa = PBXGroup;
			children = (
				653715A025F177B200F162DD /* IntervalPickerView.swift */,
				653715AA25F1874200F162DD /* PickerToolbar.swift */,
				6537159C25F16AE800F162DD /* RatioPickerView.swift */,
				6543841525F0541700AB71F7 /* PickerDataSource.swift */,
			);
			path = Pickers;
			sourceTree = "<group>";
		};
		65AFC1FB249D55A300576AFA /* View */ = {
			isa = PBXGroup;
			children = (
				6527564D2475B13B004E067F /* LaunchScreen.storyboard */,
				6557571424A673C00071DDB8 /* ProgressCircle.swift */,
				6599310525EEC38600840005 /* Style.swift */,
				6599310925EECAF400840005 /* Style+FourSix.swift */,
				6531720D24A6B4DB00709062 /* RoundButton.swift */,
				65185B9324BF8CB200F47F30 /* LoadingButton.swift */,
				6561ACA924BBDE5800C9F129 /* RoundedView.swift */,
				6515EACE24B2563B004255EB /* Shadow.swift */,
				656BE04F24AE691E0024AB48 /* CustomSegmentControl.swift */,
			);
			path = View;
			sourceTree = "<group>";
		};
		65AFC1FC249D5A0800576AFA /* Controllers */ = {
			isa = PBXGroup;
			children = (
				6577F2A72603D24F0029E396 /* MainTabBarController.swift */,
				65BF064925D759650075E082 /* MainNavigationController.swift */,
				6536F2662602931D00E2DF28 /* Notes */,
				65BE8A9C25D71C9D007177B8 /* Brew */,
				6599B4732524FF73005EA7DD /* Settings */,
				650E81EF25EDBA0500DF119B /* PurchasePro */,
				6599B4762524FF99005EA7DD /* Walkthrough */,
			);
			path = Controllers;
			sourceTree = "<group>";
		};
		65BBE40C25E5AFB500788156 /* Recipe */ = {
			isa = PBXGroup;
			children = (
				650E81F425EDBA9400DF119B /* RecipeVC.storyboard */,
				6531720924A6B06F00709062 /* RecipeVC.swift */,
				65BBE40025E470F700788156 /* RecipeBarChart.swift */,
				65BBE40425E485F400788156 /* RecipeBarDetailView.swift */,
			);
			path = Recipe;
			sourceTree = "<group>";
		};
		65BBE40D25E5AFCE00788156 /* Timer */ = {
			isa = PBXGroup;
			children = (
				650E81F825EDBAD800DF119B /* TimerVC.storyboard */,
				65859C08247D95B700A4CE76 /* TimerVC.swift */,
				65F5182E25E06144006CF438 /* TimerCoordinator.swift */,
				65F5182A25E052FE006CF438 /* TimerNavigationController.swift */,
			);
			path = Timer;
			sourceTree = "<group>";
		};
		65BBE40E25E5AFFB00788156 /* Summary */ = {
			isa = PBXGroup;
			children = (
				650E81FC25EDBB0900DF119B /* BrewSummaryVC.storyboard */,
				6542EDCA24E20096009AA897 /* BrewSummaryVC.swift */,
			);
			path = Summary;
			sourceTree = "<group>";
		};
		65BE8A9125D7175A007177B8 /* Protocols */ = {
			isa = PBXGroup;
			children = (
				65BE8A9225D71775007177B8 /* Coordinator.swift */,
				65BE8A9825D717DA007177B8 /* Storyboarded.swift */,
				65BBA6C425E99979003BC3C7 /* PaywallDelegate.swift */,
				65BBA6C825E999DD003BC3C7 /* TimerScheduling.swift */,
				65E120682611209D0059465B /* MangedObjectInitializable.swift */,
			);
			path = Protocols;
			sourceTree = "<group>";
		};
		65BE8A9C25D71C9D007177B8 /* Brew */ = {
			isa = PBXGroup;
			children = (
				652756482475B138004E067F /* BrewVC.storyboard */,
				65859C04247D8DEC00A4CE76 /* BrewVC.swift */,
				65BE8A9F25D7231A007177B8 /* BrewCoordinator.swift */,
				65BBE40C25E5AFB500788156 /* Recipe */,
				65BBE40D25E5AFCE00788156 /* Timer */,
				65BBE40E25E5AFFB00788156 /* Summary */,
			);
			path = Brew;
			sourceTree = "<group>";
		};
		65D5DE62260D350D00353385 /* CoreData */ = {
			isa = PBXGroup;
			children = (
				65D5DE7B260D38B800353385 /* SessionMO+CoreDataClass.swift */,
				65D5DE7C260D38B800353385 /* SessionMO+CoreDataProperties.swift */,
				65D5DE7F260D38B800353385 /* RecipeMO+CoreDataClass.swift */,
				65D5DE80260D38B800353385 /* RecipeMO+CoreDataProperties.swift */,
				65D5DE81260D38B800353385 /* CoffeeMO+CoreDataClass.swift */,
				65D5DE82260D38B800353385 /* CoffeeMO+CoreDataProperties.swift */,
				65D5DE83260D38B800353385 /* NoteMO+CoreDataClass.swift */,
				65D5DE84260D38B800353385 /* NoteMO+CoreDataProperties.swift */,
				65127BC0260D0A5E0014A9E7 /* FourSix.xcdatamodeld */,
			);
			path = CoreData;
			sourceTree = "<group>";
		};
		65DD15DB261E6B8200EB000E /* CoffeePicker */ = {
			isa = PBXGroup;
			children = (
				65DD15EE261F94AC00EB000E /* CoffeeEditor */,
				65DD15DC261E6BA200EB000E /* CoffeePickerVC.storyboard */,
				65DD15E2261E6D0600EB000E /* CoffeePickerVC.swift */,
				65DD15E6261F739E00EB000E /* CoffeeDataSource.swift */,
			);
			path = CoffeePicker;
			sourceTree = "<group>";
		};
		65DD15EE261F94AC00EB000E /* CoffeeEditor */ = {
			isa = PBXGroup;
			children = (
				65DD15EA261F949E00EB000E /* CoffeeEditorVC.storyboard */,
				65DD15EF261F94D900EB000E /* CoffeeEditorVC.swift */,
			);
			path = CoffeeEditor;
			sourceTree = "<group>";
		};
		65FB6547249C18A100ED732F /* Model */ = {
			isa = PBXGroup;
			children = (
				65D5DE62260D350D00353385 /* CoreData */,
				6529E11C249FF2E30093FAE1 /* howto.rtf */,
				6529E118249FECC60093FAE1 /* faq.rtf */,
				651ACC0E249D96ED0087C4F3 /* CoffeeTimer.swift */,
				656D0D53251D586A001EE918 /* TimerScheduler.swift */,
				65FB6548249C18CC00ED732F /* Calculator.swift */,
				6584A9BD25F6F3690019D8D1 /* Settings.swift */,
				65FB654A249C19F800ED732F /* Recipe.swift */,
				65F5182625DDCD9A006CF438 /* Ratio.swift */,
				6512EA872603E0C1002DC1CF /* Note.swift */,
				65E12070261129B30059465B /* Coffee.swift */,
				65E1206C261129830059465B /* Session.swift */,
			);
			path = Model;
			sourceTree = "<group>";
		};
		DB8B806FFE40500727875B03 /* Pods */ = {
			isa = PBXGroup;
			children = (
				F3C3092A6CB8D224FB0CD0F1 /* Pods-FourSix Coffee Timer.debug.xcconfig */,
				1359EFBCA6055F83DA97C30B /* Pods-FourSix Coffee Timer.release.xcconfig */,
			);
			path = Pods;
			sourceTree = "<group>";
		};
/* End PBXGroup section */

/* Begin PBXNativeTarget section */
		6527563E2475B138004E067F /* FourSix Coffee Timer */ = {
			isa = PBXNativeTarget;
			buildConfigurationList = 652756532475B13B004E067F /* Build configuration list for PBXNativeTarget "FourSix Coffee Timer" */;
			buildPhases = (
				A3A9D62A28BBBE31558BE7A1 /* [CP] Check Pods Manifest.lock */,
				6527563B2475B138004E067F /* Sources */,
				6527563C2475B138004E067F /* Frameworks */,
				6527563D2475B138004E067F /* Resources */,
				6518D13624B4FBBA00F786C4 /* Copy Acknowledgements */,
				6C236755B93D99DE5DF05CDA /* [CP] Embed Pods Frameworks */,
			);
			buildRules = (
			);
			dependencies = (
			);
			name = "FourSix Coffee Timer";
			productName = "FourSix Coffee Timer";
			productReference = 6527563F2475B138004E067F /* FourSix.app */;
			productType = "com.apple.product-type.application";
		};
		659785CC25141CB200DFB60A /* FourSixTests */ = {
			isa = PBXNativeTarget;
			buildConfigurationList = 659785D625141CB200DFB60A /* Build configuration list for PBXNativeTarget "FourSixTests" */;
			buildPhases = (
				659785C925141CB200DFB60A /* Sources */,
				659785CA25141CB200DFB60A /* Frameworks */,
				659785CB25141CB200DFB60A /* Resources */,
			);
			buildRules = (
			);
			dependencies = (
				659785D325141CB200DFB60A /* PBXTargetDependency */,
			);
			name = FourSixTests;
			productName = FourSixTests;
			productReference = 659785CD25141CB200DFB60A /* FourSixTests.xctest */;
			productType = "com.apple.product-type.bundle.unit-test";
		};
/* End PBXNativeTarget section */

/* Begin PBXProject section */
		652756372475B138004E067F /* Project object */ = {
			isa = PBXProject;
			attributes = {
				LastSwiftUpdateCheck = 1200;
				LastUpgradeCheck = 1200;
				ORGANIZATIONNAME = "Jon Duenas";
				TargetAttributes = {
					6527563E2475B138004E067F = {
						CreatedOnToolsVersion = 11.4.1;
					};
					659785CC25141CB200DFB60A = {
						CreatedOnToolsVersion = 12.0;
						TestTargetID = 6527563E2475B138004E067F;
					};
				};
			};
			buildConfigurationList = 6527563A2475B138004E067F /* Build configuration list for PBXProject "FourSix Coffee Timer" */;
			compatibilityVersion = "Xcode 9.3";
			developmentRegion = en;
			hasScannedForEncodings = 0;
			knownRegions = (
				en,
				Base,
			);
			mainGroup = 652756362475B138004E067F;
			productRefGroup = 652756402475B138004E067F /* Products */;
			projectDirPath = "";
			projectRoot = "";
			targets = (
				6527563E2475B138004E067F /* FourSix Coffee Timer */,
				659785CC25141CB200DFB60A /* FourSixTests */,
			);
		};
/* End PBXProject section */

/* Begin PBXResourcesBuildPhase section */
		6527563D2475B138004E067F /* Resources */ = {
			isa = PBXResourcesBuildPhase;
			buildActionMask = 2147483647;
			files = (
				65DD15EB261F949E00EB000E /* CoffeeEditorVC.storyboard in Resources */,
				6518D13524B4FADE00F786C4 /* Settings.bundle in Resources */,
				650E81FD25EDBB0900DF119B /* BrewSummaryVC.storyboard in Resources */,
				6527564F2475B13B004E067F /* LaunchScreen.storyboard in Resources */,
				6529E119249FECC60093FAE1 /* faq.rtf in Resources */,
				6536F27C2602BED700E2DF28 /* NoteDetailsVC.storyboard in Resources */,
				6527564C2475B13B004E067F /* Assets.xcassets in Resources */,
				650E81F525EDBAA000DF119B /* RecipeVC.storyboard in Resources */,
				6522A40E24A955EC00583547 /* custom-notification.mp3 in Resources */,
				6527564A2475B138004E067F /* BrewVC.storyboard in Resources */,
				6529E11D249FF2E30093FAE1 /* howto.rtf in Resources */,
				65FB31AF24CA130E00781023 /* WalkthroughPageVC.storyboard in Resources */,
				6561ACAD24BBE64300C9F129 /* PurchaseProVC.storyboard in Resources */,
				650E81F925EDBAD800DF119B /* TimerVC.storyboard in Resources */,
				65B0D83F25E6D394002B4F34 /* Configuration.storekit in Resources */,
				65DD15DD261E6BA300EB000E /* CoffeePickerVC.storyboard in Resources */,
				652C95E624B28E3B00B471C8 /* SettingsVC.storyboard in Resources */,
				6536F2682602934300E2DF28 /* NotesVC.storyboard in Resources */,
			);
			runOnlyForDeploymentPostprocessing = 0;
		};
		659785CB25141CB200DFB60A /* Resources */ = {
			isa = PBXResourcesBuildPhase;
			buildActionMask = 2147483647;
			files = (
				65B0D84025E6D394002B4F34 /* Configuration.storekit in Resources */,
			);
			runOnlyForDeploymentPostprocessing = 0;
		};
/* End PBXResourcesBuildPhase section */

/* Begin PBXShellScriptBuildPhase section */
		6518D13624B4FBBA00F786C4 /* Copy Acknowledgements */ = {
			isa = PBXShellScriptBuildPhase;
			buildActionMask = 2147483647;
			files = (
			);
			inputFileListPaths = (
			);
			inputPaths = (
			);
			name = "Copy Acknowledgements";
			outputFileListPaths = (
			);
			outputPaths = (
			);
			runOnlyForDeploymentPostprocessing = 0;
			shellPath = /bin/sh;
			shellScript = "cp \"${SRCROOT}/Pods/Target Support Files/Pods-FourSix Coffee Timer/Pods-FourSix Coffee Timer-acknowledgements.plist\" \"${SRCROOT}/FourSix Coffee Timer/Settings.bundle/OpenSource.plist\"\n";
		};
		6C236755B93D99DE5DF05CDA /* [CP] Embed Pods Frameworks */ = {
			isa = PBXShellScriptBuildPhase;
			buildActionMask = 2147483647;
			files = (
			);
			inputFileListPaths = (
				"${PODS_ROOT}/Target Support Files/Pods-FourSix Coffee Timer/Pods-FourSix Coffee Timer-frameworks-${CONFIGURATION}-input-files.xcfilelist",
			);
			name = "[CP] Embed Pods Frameworks";
			outputFileListPaths = (
				"${PODS_ROOT}/Target Support Files/Pods-FourSix Coffee Timer/Pods-FourSix Coffee Timer-frameworks-${CONFIGURATION}-output-files.xcfilelist",
			);
			runOnlyForDeploymentPostprocessing = 0;
			shellPath = /bin/sh;
			shellScript = "\"${PODS_ROOT}/Target Support Files/Pods-FourSix Coffee Timer/Pods-FourSix Coffee Timer-frameworks.sh\"\n";
			showEnvVarsInLog = 0;
		};
		A3A9D62A28BBBE31558BE7A1 /* [CP] Check Pods Manifest.lock */ = {
			isa = PBXShellScriptBuildPhase;
			buildActionMask = 2147483647;
			files = (
			);
			inputFileListPaths = (
			);
			inputPaths = (
				"${PODS_PODFILE_DIR_PATH}/Podfile.lock",
				"${PODS_ROOT}/Manifest.lock",
			);
			name = "[CP] Check Pods Manifest.lock";
			outputFileListPaths = (
			);
			outputPaths = (
				"$(DERIVED_FILE_DIR)/Pods-FourSix Coffee Timer-checkManifestLockResult.txt",
			);
			runOnlyForDeploymentPostprocessing = 0;
			shellPath = /bin/sh;
			shellScript = "diff \"${PODS_PODFILE_DIR_PATH}/Podfile.lock\" \"${PODS_ROOT}/Manifest.lock\" > /dev/null\nif [ $? != 0 ] ; then\n    # print error to STDERR\n    echo \"error: The sandbox is not in sync with the Podfile.lock. Run 'pod install' or update your CocoaPods installation.\" >&2\n    exit 1\nfi\n# This output is used by Xcode 'outputs' to avoid re-running this script phase.\necho \"SUCCESS\" > \"${SCRIPT_OUTPUT_FILE_0}\"\n";
			showEnvVarsInLog = 0;
		};
/* End PBXShellScriptBuildPhase section */

/* Begin PBXSourcesBuildPhase section */
		6527563B2475B138004E067F /* Sources */ = {
			isa = PBXSourcesBuildPhase;
			buildActionMask = 2147483647;
			files = (
				65D5DE86260D38B800353385 /* SessionMO+CoreDataProperties.swift in Sources */,
				6584A9BE25F6F3690019D8D1 /* Settings.swift in Sources */,
				6559A03424BD1B5B00AE4C14 /* IAPManager.swift in Sources */,
				6515EACF24B2563B004255EB /* Shadow.swift in Sources */,
				6536F2702602BD8000E2DF28 /* NoteCell.swift in Sources */,
				65F5182F25E06144006CF438 /* TimerCoordinator.swift in Sources */,
				6531720A24A6B06F00709062 /* RecipeVC.swift in Sources */,
				65B3140525F40291004D9758 /* SettingsDataSource.swift in Sources */,
				6536F2782602BEAE00E2DF28 /* NoteDetailsVC.swift in Sources */,
				65D5DE8A260D38B800353385 /* RecipeMO+CoreDataProperties.swift in Sources */,
				6529E117249FE66F0093FAE1 /* FrequentlyAskedVC.swift in Sources */,
				6584A9BA25F6D6B90019D8D1 /* IntervalCell.swift in Sources */,
				65F5182B25E052FE006CF438 /* TimerNavigationController.swift in Sources */,
				65D5DE8D260D38B800353385 /* NoteMO+CoreDataClass.swift in Sources */,
				6543841A25F063CC00AB71F7 /* MinAndSec+Double.swift in Sources */,
				6543841625F0541700AB71F7 /* PickerDataSource.swift in Sources */,
				65FB6549249C18CC00ED732F /* Calculator.swift in Sources */,
				6542EDCB24E20096009AA897 /* BrewSummaryVC.swift in Sources */,
				6529E11B249FEFFB0093FAE1 /* HowToVC.swift in Sources */,
				65BBA6C925E999DD003BC3C7 /* TimerScheduling.swift in Sources */,
				6531720E24A6B4DB00709062 /* RoundButton.swift in Sources */,
				655BB6B324916B3900ED5575 /* SettingsVC.swift in Sources */,
				6557571524A673C00071DDB8 /* ProgressCircle.swift in Sources */,
				65859C05247D8DEC00A4CE76 /* BrewVC.swift in Sources */,
				65BBE40525E485F400788156 /* RecipeBarDetailView.swift in Sources */,
				65DD15E3261E6D0600EB000E /* CoffeePickerVC.swift in Sources */,
				65FB654B249C19F800ED732F /* Recipe.swift in Sources */,
				65E1205B260E6F060059465B /* SegmentControlCell.swift in Sources */,
				65E12071261129B30059465B /* Coffee.swift in Sources */,
				65185B9424BF8CB200F47F30 /* LoadingButton.swift in Sources */,
				65127BBD260D09CA0014A9E7 /* CoreDataStack.swift in Sources */,
				656BE05024AE691E0024AB48 /* CustomSegmentControl.swift in Sources */,
				65DD15E7261F739E00EB000E /* CoffeeDataSource.swift in Sources */,
				6577F2A42603D03E0029E396 /* NotesCoordinator.swift in Sources */,
				65AA73E62482DE2F00F8B519 /* WalkthroughContentVC.swift in Sources */,
				65315ADE249ADB4D00994E28 /* Clean+DoubleFloat.swift in Sources */,
				65D5DE89260D38B800353385 /* RecipeMO+CoreDataClass.swift in Sources */,
				6577F2A82603D24F0029E396 /* MainTabBarController.swift in Sources */,
				65BBA6C525E99979003BC3C7 /* PaywallDelegate.swift in Sources */,
				652756432475B138004E067F /* AppDelegate.swift in Sources */,
				657744F3249194BE00B199F6 /* WhatIs46VC.swift in Sources */,
				65D5DE8E260D38B800353385 /* NoteMO+CoreDataProperties.swift in Sources */,
				65FF841D2620F006008B2BE2 /* CoffeePickerView.swift in Sources */,
				65E120692611209D0059465B /* MangedObjectInitializable.swift in Sources */,
				659FCE8C2617C9AE00039F6A /* DataSource.swift in Sources */,
				65BF064A25D759650075E082 /* MainNavigationController.swift in Sources */,
				65BBE40925E5AB1D00788156 /* Brace+UIBezierPath.swift in Sources */,
				65B3140D25F422BD004D9758 /* TextFieldTableCell.swift in Sources */,
				65D5DE85260D38B800353385 /* SessionMO+CoreDataClass.swift in Sources */,
				6599310625EEC38600840005 /* Style.swift in Sources */,
				65E12065261104A90059465B /* DataManager.swift in Sources */,
				651ACC0F249D96ED0087C4F3 /* CoffeeTimer.swift in Sources */,
				6599310A25EECAF400840005 /* Style+FourSix.swift in Sources */,
				65B3140925F41BB4004D9758 /* SwitchTableCell.swift in Sources */,
				6584A9B625F6D2110019D8D1 /* RatioCell.swift in Sources */,
				65859C09247D95B700A4CE76 /* TimerVC.swift in Sources */,
				65BE8A9925D717DA007177B8 /* Storyboarded.swift in Sources */,
				6536F26C2602936000E2DF28 /* NotesVC.swift in Sources */,
				65E1206D261129830059465B /* Session.swift in Sources */,
				6561ACA824BBDC6E00C9F129 /* PurchaseProVC.swift in Sources */,
				659F8803261B9F7000D4F89F /* DateTextField.swift in Sources */,
				6537159D25F16AE800F162DD /* RatioPickerView.swift in Sources */,
				6542DDFA25D858AB0067C704 /* SettingsNavigationController.swift in Sources */,
				653DBF6625F2F31A00AE7D9E /* Constants.swift in Sources */,
				65D5DE8B260D38B800353385 /* CoffeeMO+CoreDataClass.swift in Sources */,
				65A2775425FFE88F0093B0B9 /* AlertHelper.swift in Sources */,
				653E631B26095B6E00BA32BF /* RatingControl.swift in Sources */,
				65BE8AA025D7231A007177B8 /* BrewCoordinator.swift in Sources */,
				65D5DE8C260D38B800353385 /* CoffeeMO+CoreDataProperties.swift in Sources */,
				6542DDF625D8512D0067C704 /* SettingsCoordinator.swift in Sources */,
				653715AB25F1874200F162DD /* PickerToolbar.swift in Sources */,
				65F5182725DDCD9A006CF438 /* Ratio.swift in Sources */,
				652C4A5D24AAA77600857883 /* AcknowledgementsVC.swift in Sources */,
				6561ACAA24BBDE5800C9F129 /* RoundedView.swift in Sources */,
				657A2631260A85A20009CD9A /* DoneToolBar+UITextField.swift in Sources */,
				65BBE40125E470F700788156 /* RecipeBarChart.swift in Sources */,
				653E6317260957AE00BA32BF /* NotesTextView.swift in Sources */,
				65BE8A9325D71775007177B8 /* Coordinator.swift in Sources */,
				65065FEF24B3CA610070E3CE /* UserDefaultsManager.swift in Sources */,
				653715A125F177B200F162DD /* IntervalPickerView.swift in Sources */,
				6512EA882603E0C1002DC1CF /* Note.swift in Sources */,
				652756452475B138004E067F /* SceneDelegate.swift in Sources */,
				65DD15F0261F94D900EB000E /* CoffeeEditorVC.swift in Sources */,
				656D0D54251D586A001EE918 /* TimerScheduler.swift in Sources */,
				65AA73E82482ED0800F8B519 /* CustomPageViewController.swift in Sources */,
				657A263B260AAEFC0009CD9A /* StringFromDate+Date.swift in Sources */,
				65127BC2260D0A5E0014A9E7 /* FourSix.xcdatamodeld in Sources */,
				65AA73EA2482EE5B00F8B519 /* WalkthroughPageVC.swift in Sources */,
			);
			runOnlyForDeploymentPostprocessing = 0;
		};
		659785C925141CB200DFB60A /* Sources */ = {
			isa = PBXSourcesBuildPhase;
			buildActionMask = 2147483647;
			files = (
				659785D025141CB200DFB60A /* CalculatorTests.swift in Sources */,
				65A282A0251D3342001AD862 /* MockTimerScheduler.swift in Sources */,
				65EF3BF9251AAEEA0038EA57 /* CoffeeTimerTests.swift in Sources */,
				65127BCC260D0B8A0014A9E7 /* TestCoreDataStack.swift in Sources */,
			);
			runOnlyForDeploymentPostprocessing = 0;
		};
/* End PBXSourcesBuildPhase section */

/* Begin PBXTargetDependency section */
		659785D325141CB200DFB60A /* PBXTargetDependency */ = {
			isa = PBXTargetDependency;
			target = 6527563E2475B138004E067F /* FourSix Coffee Timer */;
			targetProxy = 659785D225141CB200DFB60A /* PBXContainerItemProxy */;
		};
/* End PBXTargetDependency section */

/* Begin PBXVariantGroup section */
		652756482475B138004E067F /* BrewVC.storyboard */ = {
			isa = PBXVariantGroup;
			children = (
				652756492475B138004E067F /* Base */,
			);
			name = BrewVC.storyboard;
			sourceTree = "<group>";
		};
		6527564D2475B13B004E067F /* LaunchScreen.storyboard */ = {
			isa = PBXVariantGroup;
			children = (
				6527564E2475B13B004E067F /* Base */,
			);
			name = LaunchScreen.storyboard;
			sourceTree = "<group>";
		};
		652C95E424B28E3B00B471C8 /* SettingsVC.storyboard */ = {
			isa = PBXVariantGroup;
			children = (
				652C95E524B28E3B00B471C8 /* Base */,
			);
			name = SettingsVC.storyboard;
			sourceTree = "<group>";
		};
		6561ACAB24BBE64300C9F129 /* PurchaseProVC.storyboard */ = {
			isa = PBXVariantGroup;
			children = (
				6561ACAC24BBE64300C9F129 /* Base */,
			);
			name = PurchaseProVC.storyboard;
			sourceTree = "<group>";
		};
		65FB31AD24CA130E00781023 /* WalkthroughPageVC.storyboard */ = {
			isa = PBXVariantGroup;
			children = (
				65FB31AE24CA130E00781023 /* Base */,
			);
			name = WalkthroughPageVC.storyboard;
			sourceTree = "<group>";
		};
/* End PBXVariantGroup section */

/* Begin XCBuildConfiguration section */
		652756512475B13B004E067F /* Debug */ = {
			isa = XCBuildConfiguration;
			buildSettings = {
				ALWAYS_SEARCH_USER_PATHS = NO;
				CLANG_ANALYZER_NONNULL = YES;
				CLANG_ANALYZER_NUMBER_OBJECT_CONVERSION = YES_AGGRESSIVE;
				CLANG_CXX_LANGUAGE_STANDARD = "gnu++14";
				CLANG_CXX_LIBRARY = "libc++";
				CLANG_ENABLE_MODULES = YES;
				CLANG_ENABLE_OBJC_ARC = YES;
				CLANG_ENABLE_OBJC_WEAK = YES;
				CLANG_WARN_BLOCK_CAPTURE_AUTORELEASING = YES;
				CLANG_WARN_BOOL_CONVERSION = YES;
				CLANG_WARN_COMMA = YES;
				CLANG_WARN_CONSTANT_CONVERSION = YES;
				CLANG_WARN_DEPRECATED_OBJC_IMPLEMENTATIONS = YES;
				CLANG_WARN_DIRECT_OBJC_ISA_USAGE = YES_ERROR;
				CLANG_WARN_DOCUMENTATION_COMMENTS = YES;
				CLANG_WARN_EMPTY_BODY = YES;
				CLANG_WARN_ENUM_CONVERSION = YES;
				CLANG_WARN_INFINITE_RECURSION = YES;
				CLANG_WARN_INT_CONVERSION = YES;
				CLANG_WARN_NON_LITERAL_NULL_CONVERSION = YES;
				CLANG_WARN_OBJC_IMPLICIT_RETAIN_SELF = YES;
				CLANG_WARN_OBJC_LITERAL_CONVERSION = YES;
				CLANG_WARN_OBJC_ROOT_CLASS = YES_ERROR;
				CLANG_WARN_QUOTED_INCLUDE_IN_FRAMEWORK_HEADER = YES;
				CLANG_WARN_RANGE_LOOP_ANALYSIS = YES;
				CLANG_WARN_STRICT_PROTOTYPES = YES;
				CLANG_WARN_SUSPICIOUS_MOVE = YES;
				CLANG_WARN_UNGUARDED_AVAILABILITY = YES_AGGRESSIVE;
				CLANG_WARN_UNREACHABLE_CODE = YES;
				CLANG_WARN__DUPLICATE_METHOD_MATCH = YES;
				COPY_PHASE_STRIP = NO;
				DEBUG_INFORMATION_FORMAT = dwarf;
				ENABLE_STRICT_OBJC_MSGSEND = YES;
				ENABLE_TESTABILITY = YES;
				GCC_C_LANGUAGE_STANDARD = gnu11;
				GCC_DYNAMIC_NO_PIC = NO;
				GCC_NO_COMMON_BLOCKS = YES;
				GCC_OPTIMIZATION_LEVEL = 0;
				GCC_PREPROCESSOR_DEFINITIONS = (
					"DEBUG=1",
					"$(inherited)",
				);
				GCC_WARN_64_TO_32_BIT_CONVERSION = YES;
				GCC_WARN_ABOUT_RETURN_TYPE = YES_ERROR;
				GCC_WARN_UNDECLARED_SELECTOR = YES;
				GCC_WARN_UNINITIALIZED_AUTOS = YES_AGGRESSIVE;
				GCC_WARN_UNUSED_FUNCTION = YES;
				GCC_WARN_UNUSED_VARIABLE = YES;
				IPHONEOS_DEPLOYMENT_TARGET = 13.0;
				MTL_ENABLE_DEBUG_INFO = INCLUDE_SOURCE;
				MTL_FAST_MATH = YES;
				ONLY_ACTIVE_ARCH = YES;
				SDKROOT = iphoneos;
				SWIFT_ACTIVE_COMPILATION_CONDITIONS = DEBUG;
				SWIFT_OPTIMIZATION_LEVEL = "-Onone";
			};
			name = Debug;
		};
		652756522475B13B004E067F /* Release */ = {
			isa = XCBuildConfiguration;
			buildSettings = {
				ALWAYS_SEARCH_USER_PATHS = NO;
				CLANG_ANALYZER_NONNULL = YES;
				CLANG_ANALYZER_NUMBER_OBJECT_CONVERSION = YES_AGGRESSIVE;
				CLANG_CXX_LANGUAGE_STANDARD = "gnu++14";
				CLANG_CXX_LIBRARY = "libc++";
				CLANG_ENABLE_MODULES = YES;
				CLANG_ENABLE_OBJC_ARC = YES;
				CLANG_ENABLE_OBJC_WEAK = YES;
				CLANG_WARN_BLOCK_CAPTURE_AUTORELEASING = YES;
				CLANG_WARN_BOOL_CONVERSION = YES;
				CLANG_WARN_COMMA = YES;
				CLANG_WARN_CONSTANT_CONVERSION = YES;
				CLANG_WARN_DEPRECATED_OBJC_IMPLEMENTATIONS = YES;
				CLANG_WARN_DIRECT_OBJC_ISA_USAGE = YES_ERROR;
				CLANG_WARN_DOCUMENTATION_COMMENTS = YES;
				CLANG_WARN_EMPTY_BODY = YES;
				CLANG_WARN_ENUM_CONVERSION = YES;
				CLANG_WARN_INFINITE_RECURSION = YES;
				CLANG_WARN_INT_CONVERSION = YES;
				CLANG_WARN_NON_LITERAL_NULL_CONVERSION = YES;
				CLANG_WARN_OBJC_IMPLICIT_RETAIN_SELF = YES;
				CLANG_WARN_OBJC_LITERAL_CONVERSION = YES;
				CLANG_WARN_OBJC_ROOT_CLASS = YES_ERROR;
				CLANG_WARN_QUOTED_INCLUDE_IN_FRAMEWORK_HEADER = YES;
				CLANG_WARN_RANGE_LOOP_ANALYSIS = YES;
				CLANG_WARN_STRICT_PROTOTYPES = YES;
				CLANG_WARN_SUSPICIOUS_MOVE = YES;
				CLANG_WARN_UNGUARDED_AVAILABILITY = YES_AGGRESSIVE;
				CLANG_WARN_UNREACHABLE_CODE = YES;
				CLANG_WARN__DUPLICATE_METHOD_MATCH = YES;
				COPY_PHASE_STRIP = NO;
				DEBUG_INFORMATION_FORMAT = "dwarf-with-dsym";
				ENABLE_NS_ASSERTIONS = NO;
				ENABLE_STRICT_OBJC_MSGSEND = YES;
				GCC_C_LANGUAGE_STANDARD = gnu11;
				GCC_NO_COMMON_BLOCKS = YES;
				GCC_WARN_64_TO_32_BIT_CONVERSION = YES;
				GCC_WARN_ABOUT_RETURN_TYPE = YES_ERROR;
				GCC_WARN_UNDECLARED_SELECTOR = YES;
				GCC_WARN_UNINITIALIZED_AUTOS = YES_AGGRESSIVE;
				GCC_WARN_UNUSED_FUNCTION = YES;
				GCC_WARN_UNUSED_VARIABLE = YES;
				IPHONEOS_DEPLOYMENT_TARGET = 13.0;
				MTL_ENABLE_DEBUG_INFO = NO;
				MTL_FAST_MATH = YES;
				SDKROOT = iphoneos;
				SWIFT_COMPILATION_MODE = wholemodule;
				SWIFT_OPTIMIZATION_LEVEL = "-O";
				VALIDATE_PRODUCT = YES;
			};
			name = Release;
		};
		652756542475B13B004E067F /* Debug */ = {
			isa = XCBuildConfiguration;
			baseConfigurationReference = F3C3092A6CB8D224FB0CD0F1 /* Pods-FourSix Coffee Timer.debug.xcconfig */;
			buildSettings = {
				ASSETCATALOG_COMPILER_APPICON_NAME = AppIcon;
				CODE_SIGN_STYLE = Automatic;
				CURRENT_PROJECT_VERSION = 30;
				DEVELOPMENT_TEAM = XWQQ29E97Q;
				INFOPLIST_FILE = "FourSix Coffee Timer/Info.plist";
				IPHONEOS_DEPLOYMENT_TARGET = 13.4;
				LD_RUNPATH_SEARCH_PATHS = (
					"$(inherited)",
					"@executable_path/Frameworks",
				);
				MARKETING_VERSION = 2.0;
				PRODUCT_BUNDLE_IDENTIFIER = "com.jonduenas.FourSix-Coffee-Timer";
				PRODUCT_NAME = FourSix;
				SWIFT_VERSION = 5.0;
				TARGETED_DEVICE_FAMILY = 1;
				VERSIONING_SYSTEM = "apple-generic";
			};
			name = Debug;
		};
		652756552475B13B004E067F /* Release */ = {
			isa = XCBuildConfiguration;
			baseConfigurationReference = 1359EFBCA6055F83DA97C30B /* Pods-FourSix Coffee Timer.release.xcconfig */;
			buildSettings = {
				ASSETCATALOG_COMPILER_APPICON_NAME = AppIcon;
				CODE_SIGN_STYLE = Automatic;
				CURRENT_PROJECT_VERSION = 30;
				DEVELOPMENT_TEAM = XWQQ29E97Q;
				INFOPLIST_FILE = "FourSix Coffee Timer/Info.plist";
				IPHONEOS_DEPLOYMENT_TARGET = 13.4;
				LD_RUNPATH_SEARCH_PATHS = (
					"$(inherited)",
					"@executable_path/Frameworks",
				);
				MARKETING_VERSION = 2.0;
				PRODUCT_BUNDLE_IDENTIFIER = "com.jonduenas.FourSix-Coffee-Timer";
				PRODUCT_NAME = FourSix;
				SWIFT_VERSION = 5.0;
				TARGETED_DEVICE_FAMILY = 1;
				VERSIONING_SYSTEM = "apple-generic";
			};
			name = Release;
		};
		659785D425141CB200DFB60A /* Debug */ = {
			isa = XCBuildConfiguration;
			buildSettings = {
				BUNDLE_LOADER = "$(TEST_HOST)";
				CODE_SIGN_STYLE = Automatic;
				DEVELOPMENT_TEAM = XWQQ29E97Q;
				INFOPLIST_FILE = FourSixTests/Info.plist;
				IPHONEOS_DEPLOYMENT_TARGET = 14.0;
				LD_RUNPATH_SEARCH_PATHS = (
					"$(inherited)",
					"@executable_path/Frameworks",
					"@loader_path/Frameworks",
				);
				PRODUCT_BUNDLE_IDENTIFIER = com.jonduenas.FourSixTests;
				PRODUCT_NAME = "$(TARGET_NAME)";
				SWIFT_VERSION = 5.0;
				TARGETED_DEVICE_FAMILY = "1,2";
				TEST_HOST = "$(BUILT_PRODUCTS_DIR)/FourSix.app/FourSix";
			};
			name = Debug;
		};
		659785D525141CB200DFB60A /* Release */ = {
			isa = XCBuildConfiguration;
			buildSettings = {
				BUNDLE_LOADER = "$(TEST_HOST)";
				CODE_SIGN_STYLE = Automatic;
				DEVELOPMENT_TEAM = XWQQ29E97Q;
				INFOPLIST_FILE = FourSixTests/Info.plist;
				IPHONEOS_DEPLOYMENT_TARGET = 14.0;
				LD_RUNPATH_SEARCH_PATHS = (
					"$(inherited)",
					"@executable_path/Frameworks",
					"@loader_path/Frameworks",
				);
				PRODUCT_BUNDLE_IDENTIFIER = com.jonduenas.FourSixTests;
				PRODUCT_NAME = "$(TARGET_NAME)";
				SWIFT_VERSION = 5.0;
				TARGETED_DEVICE_FAMILY = "1,2";
				TEST_HOST = "$(BUILT_PRODUCTS_DIR)/FourSix.app/FourSix";
			};
			name = Release;
		};
/* End XCBuildConfiguration section */

/* Begin XCConfigurationList section */
		6527563A2475B138004E067F /* Build configuration list for PBXProject "FourSix Coffee Timer" */ = {
			isa = XCConfigurationList;
			buildConfigurations = (
				652756512475B13B004E067F /* Debug */,
				652756522475B13B004E067F /* Release */,
			);
			defaultConfigurationIsVisible = 0;
			defaultConfigurationName = Release;
		};
		652756532475B13B004E067F /* Build configuration list for PBXNativeTarget "FourSix Coffee Timer" */ = {
			isa = XCConfigurationList;
			buildConfigurations = (
				652756542475B13B004E067F /* Debug */,
				652756552475B13B004E067F /* Release */,
			);
			defaultConfigurationIsVisible = 0;
			defaultConfigurationName = Release;
		};
		659785D625141CB200DFB60A /* Build configuration list for PBXNativeTarget "FourSixTests" */ = {
			isa = XCConfigurationList;
			buildConfigurations = (
				659785D425141CB200DFB60A /* Debug */,
				659785D525141CB200DFB60A /* Release */,
			);
			defaultConfigurationIsVisible = 0;
			defaultConfigurationName = Release;
		};
/* End XCConfigurationList section */

/* Begin XCVersionGroup section */
		65127BC0260D0A5E0014A9E7 /* FourSix.xcdatamodeld */ = {
			isa = XCVersionGroup;
			children = (
				65127BC1260D0A5E0014A9E7 /* FourSix.xcdatamodel */,
			);
			currentVersion = 65127BC1260D0A5E0014A9E7 /* FourSix.xcdatamodel */;
			path = FourSix.xcdatamodeld;
			sourceTree = "<group>";
			versionGroupType = wrapper.xcdatamodel;
		};
/* End XCVersionGroup section */
	};
	rootObject = 652756372475B138004E067F /* Project object */;
}
